// !$*UTF8*$!
{
	archiveVersion = 1;
	classes = {
	};
	objectVersion = 77;
	objects = {

/* Begin PBXBuildFile section */
		30AF50112D16DF5F00DB54AF /* Preview Assets.xcassets in Resources */ = {isa = PBXBuildFile; fileRef = 30AF50092D16DF5F00DB54AF /* Preview Assets.xcassets */; };
		30AF50122D16DF5F00DB54AF /* Assets.xcassets in Resources */ = {isa = PBXBuildFile; fileRef = 30AF500D2D16DF5F00DB54AF /* Assets.xcassets */; };
		30AF50132D16DF5F00DB54AF /* Movie.swift in Sources */ = {isa = PBXBuildFile; fileRef = 30AF4FF32D16DF5F00DB54AF /* Movie.swift */; };
		30AF50142D16DF5F00DB54AF /* MovieList.swift in Sources */ = {isa = PBXBuildFile; fileRef = 30AF4FF42D16DF5F00DB54AF /* MovieList.swift */; };
		30AF50152D16DF5F00DB54AF /* PostMovieToFavoritesRequest.swift in Sources */ = {isa = PBXBuildFile; fileRef = 30AF4FF52D16DF5F00DB54AF /* PostMovieToFavoritesRequest.swift */; };
		30AF50162D16DF5F00DB54AF /* PostMovieToFavoritesResponse.swift in Sources */ = {isa = PBXBuildFile; fileRef = 30AF4FF62D16DF5F00DB54AF /* PostMovieToFavoritesResponse.swift */; };
		30AF50172D16DF5F00DB54AF /* SingleMovie.swift in Sources */ = {isa = PBXBuildFile; fileRef = 30AF4FF72D16DF5F00DB54AF /* SingleMovie.swift */; };
		30AF50182D16DF5F00DB54AF /* Example 1.swift in Sources */ = {isa = PBXBuildFile; fileRef = 30AF4FF92D16DF5F00DB54AF /* Example 1.swift */; };
		30AF50192D16DF5F00DB54AF /* Example 2.swift in Sources */ = {isa = PBXBuildFile; fileRef = 30AF4FFA2D16DF5F00DB54AF /* Example 2.swift */; };
		30AF501A2D16DF5F00DB54AF /* Example 3.swift in Sources */ = {isa = PBXBuildFile; fileRef = 30AF4FFB2D16DF5F00DB54AF /* Example 3.swift */; };
		30AF501B2D16DF5F00DB54AF /* NetworkError.swift in Sources */ = {isa = PBXBuildFile; fileRef = 30AF4FFD2D16DF5F00DB54AF /* NetworkError.swift */; };
		30AF501C2D16DF5F00DB54AF /* NetworkService.swift in Sources */ = {isa = PBXBuildFile; fileRef = 30AF4FFE2D16DF5F00DB54AF /* NetworkService.swift */; };
		30AF501D2D16DF5F00DB54AF /* DataEncoder.swift in Sources */ = {isa = PBXBuildFile; fileRef = 30AF50002D16DF5F00DB54AF /* DataEncoder.swift */; };
		30AF501E2D16DF5F00DB54AF /* DataParserProtocol.swift in Sources */ = {isa = PBXBuildFile; fileRef = 30AF50012D16DF5F00DB54AF /* DataParserProtocol.swift */; };
		30AF501F2D16DF5F00DB54AF /* HTTPMethod.swift in Sources */ = {isa = PBXBuildFile; fileRef = 30AF50032D16DF5F00DB54AF /* HTTPMethod.swift */; };
		30AF50202D16DF5F00DB54AF /* URLComponentsProtocol.swift in Sources */ = {isa = PBXBuildFile; fileRef = 30AF50042D16DF5F00DB54AF /* URLComponentsProtocol.swift */; };
		30AF50212D16DF5F00DB54AF /* URLSessionProtocol.swift in Sources */ = {isa = PBXBuildFile; fileRef = 30AF50062D16DF5F00DB54AF /* URLSessionProtocol.swift */; };
		30AF50222D16DF5F00DB54AF /* MoviesService.swift in Sources */ = {isa = PBXBuildFile; fileRef = 30AF500B2D16DF5F00DB54AF /* MoviesService.swift */; };
		30AF50232D16DF5F00DB54AF /* ContentView.swift in Sources */ = {isa = PBXBuildFile; fileRef = 30AF500E2D16DF5F00DB54AF /* ContentView.swift */; };
		30AF50242D16DF5F00DB54AF /* TMDB_MVVMApp.swift in Sources */ = {isa = PBXBuildFile; fileRef = 30AF500F2D16DF5F00DB54AF /* TMDB_MVVMApp.swift */; };
/* End PBXBuildFile section */

/* Begin PBXFileReference section */
		30AF4FA02D16D68600DB54AF /* TMDB MVVM.app */ = {isa = PBXFileReference; explicitFileType = wrapper.application; includeInIndex = 0; path = "TMDB MVVM.app"; sourceTree = BUILT_PRODUCTS_DIR; };
		30AF4FF32D16DF5F00DB54AF /* Movie.swift */ = {isa = PBXFileReference; lastKnownFileType = sourcecode.swift; path = Movie.swift; sourceTree = "<group>"; };
		30AF4FF42D16DF5F00DB54AF /* MovieList.swift */ = {isa = PBXFileReference; lastKnownFileType = sourcecode.swift; path = MovieList.swift; sourceTree = "<group>"; };
		30AF4FF52D16DF5F00DB54AF /* PostMovieToFavoritesRequest.swift */ = {isa = PBXFileReference; lastKnownFileType = sourcecode.swift; path = PostMovieToFavoritesRequest.swift; sourceTree = "<group>"; };
		30AF4FF62D16DF5F00DB54AF /* PostMovieToFavoritesResponse.swift */ = {isa = PBXFileReference; lastKnownFileType = sourcecode.swift; path = PostMovieToFavoritesResponse.swift; sourceTree = "<group>"; };
		30AF4FF72D16DF5F00DB54AF /* SingleMovie.swift */ = {isa = PBXFileReference; lastKnownFileType = sourcecode.swift; path = SingleMovie.swift; sourceTree = "<group>"; };
		30AF4FF92D16DF5F00DB54AF /* Example 1.swift */ = {isa = PBXFileReference; lastKnownFileType = sourcecode.swift; path = "Example 1.swift"; sourceTree = "<group>"; };
		30AF4FFA2D16DF5F00DB54AF /* Example 2.swift */ = {isa = PBXFileReference; lastKnownFileType = sourcecode.swift; path = "Example 2.swift"; sourceTree = "<group>"; };
		30AF4FFB2D16DF5F00DB54AF /* Example 3.swift */ = {isa = PBXFileReference; lastKnownFileType = sourcecode.swift; path = "Example 3.swift"; sourceTree = "<group>"; };
		30AF4FFD2D16DF5F00DB54AF /* NetworkError.swift */ = {isa = PBXFileReference; lastKnownFileType = sourcecode.swift; path = NetworkError.swift; sourceTree = "<group>"; };
		30AF4FFE2D16DF5F00DB54AF /* NetworkService.swift */ = {isa = PBXFileReference; lastKnownFileType = sourcecode.swift; path = NetworkService.swift; sourceTree = "<group>"; };
		30AF50002D16DF5F00DB54AF /* DataEncoder.swift */ = {isa = PBXFileReference; lastKnownFileType = sourcecode.swift; path = DataEncoder.swift; sourceTree = "<group>"; };
		30AF50012D16DF5F00DB54AF /* DataParserProtocol.swift */ = {isa = PBXFileReference; lastKnownFileType = sourcecode.swift; path = DataParserProtocol.swift; sourceTree = "<group>"; };
		30AF50032D16DF5F00DB54AF /* HTTPMethod.swift */ = {isa = PBXFileReference; lastKnownFileType = sourcecode.swift; path = HTTPMethod.swift; sourceTree = "<group>"; };
		30AF50042D16DF5F00DB54AF /* URLComponentsProtocol.swift */ = {isa = PBXFileReference; lastKnownFileType = sourcecode.swift; path = URLComponentsProtocol.swift; sourceTree = "<group>"; };
		30AF50062D16DF5F00DB54AF /* URLSessionProtocol.swift */ = {isa = PBXFileReference; lastKnownFileType = sourcecode.swift; path = URLSessionProtocol.swift; sourceTree = "<group>"; };
		30AF50092D16DF5F00DB54AF /* Preview Assets.xcassets */ = {isa = PBXFileReference; lastKnownFileType = folder.assetcatalog; path = "Preview Assets.xcassets"; sourceTree = "<group>"; };
		30AF500B2D16DF5F00DB54AF /* MoviesService.swift */ = {isa = PBXFileReference; lastKnownFileType = sourcecode.swift; path = MoviesService.swift; sourceTree = "<group>"; };
		30AF500D2D16DF5F00DB54AF /* Assets.xcassets */ = {isa = PBXFileReference; lastKnownFileType = folder.assetcatalog; path = Assets.xcassets; sourceTree = "<group>"; };
		30AF500E2D16DF5F00DB54AF /* ContentView.swift */ = {isa = PBXFileReference; lastKnownFileType = sourcecode.swift; path = ContentView.swift; sourceTree = "<group>"; };
		30AF500F2D16DF5F00DB54AF /* TMDB_MVVMApp.swift */ = {isa = PBXFileReference; lastKnownFileType = sourcecode.swift; path = TMDB_MVVMApp.swift; sourceTree = "<group>"; };
/* End PBXFileReference section */

/* Begin PBXFrameworksBuildPhase section */
		30AF4F9D2D16D68600DB54AF /* Frameworks */ = {
			isa = PBXFrameworksBuildPhase;
			buildActionMask = 2147483647;
			files = (
			);
			runOnlyForDeploymentPostprocessing = 0;
		};
/* End PBXFrameworksBuildPhase section */

/* Begin PBXGroup section */
		30AF4F972D16D68600DB54AF = {
			isa = PBXGroup;
			children = (
				30AF50102D16DF5F00DB54AF /* TMDB MVVM */,
				30AF4FA12D16D68600DB54AF /* Products */,
			);
			sourceTree = "<group>";
		};
		30AF4FA12D16D68600DB54AF /* Products */ = {
			isa = PBXGroup;
			children = (
				30AF4FA02D16D68600DB54AF /* TMDB MVVM.app */,
			);
			name = Products;
			sourceTree = "<group>";
		};
		30AF4FF82D16DF5F00DB54AF /* Models */ = {
			isa = PBXGroup;
			children = (
				30AF4FF32D16DF5F00DB54AF /* Movie.swift */,
				30AF4FF42D16DF5F00DB54AF /* MovieList.swift */,
				30AF4FF52D16DF5F00DB54AF /* PostMovieToFavoritesRequest.swift */,
				30AF4FF62D16DF5F00DB54AF /* PostMovieToFavoritesResponse.swift */,
				30AF4FF72D16DF5F00DB54AF /* SingleMovie.swift */,
			);
			path = Models;
			sourceTree = "<group>";
		};
		30AF4FFC2D16DF5F00DB54AF /* Individual HTTP Requests */ = {
			isa = PBXGroup;
			children = (
				30AF4FF92D16DF5F00DB54AF /* Example 1.swift */,
				30AF4FFA2D16DF5F00DB54AF /* Example 2.swift */,
				30AF4FFB2D16DF5F00DB54AF /* Example 3.swift */,
			);
			path = "Individual HTTP Requests";
			sourceTree = "<group>";
		};
		30AF4FFF2D16DF5F00DB54AF /* NetworkService */ = {
			isa = PBXGroup;
			children = (
				30AF4FFD2D16DF5F00DB54AF /* NetworkError.swift */,
				30AF4FFE2D16DF5F00DB54AF /* NetworkService.swift */,
			);
			path = NetworkService;
			sourceTree = "<group>";
		};
		30AF50022D16DF5F00DB54AF /* Parsing Helpers */ = {
			isa = PBXGroup;
			children = (
				30AF50002D16DF5F00DB54AF /* DataEncoder.swift */,
				30AF50012D16DF5F00DB54AF /* DataParserProtocol.swift */,
			);
			path = "Parsing Helpers";
			sourceTree = "<group>";
		};
		30AF50052D16DF5F00DB54AF /* URLComponentsService */ = {
			isa = PBXGroup;
			children = (
				30AF50032D16DF5F00DB54AF /* HTTPMethod.swift */,
				30AF50042D16DF5F00DB54AF /* URLComponentsProtocol.swift */,
			);
			path = URLComponentsService;
			sourceTree = "<group>";
		};
		30AF50072D16DF5F00DB54AF /* URLSessionService */ = {
			isa = PBXGroup;
			children = (
				30AF50062D16DF5F00DB54AF /* URLSessionProtocol.swift */,
			);
			path = URLSessionService;
			sourceTree = "<group>";
		};
		30AF50082D16DF5F00DB54AF /* NetworkLayer */ = {
			isa = PBXGroup;
			children = (
				30AF4FFC2D16DF5F00DB54AF /* Individual HTTP Requests */,
				30AF4FFF2D16DF5F00DB54AF /* NetworkService */,
				30AF50022D16DF5F00DB54AF /* Parsing Helpers */,
				30AF50052D16DF5F00DB54AF /* URLComponentsService */,
				30AF50072D16DF5F00DB54AF /* URLSessionService */,
			);
			path = NetworkLayer;
			sourceTree = "<group>";
		};
		30AF500A2D16DF5F00DB54AF /* Preview Content */ = {
			isa = PBXGroup;
			children = (
				30AF50092D16DF5F00DB54AF /* Preview Assets.xcassets */,
			);
			path = "Preview Content";
			sourceTree = "<group>";
		};
		30AF500C2D16DF5F00DB54AF /* Services */ = {
			isa = PBXGroup;
			children = (
				30AF500B2D16DF5F00DB54AF /* MoviesService.swift */,
			);
			path = Services;
			sourceTree = "<group>";
		};
		30AF50102D16DF5F00DB54AF /* TMDB MVVM */ = {
			isa = PBXGroup;
			children = (
				30AF500F2D16DF5F00DB54AF /* TMDB_MVVMApp.swift */,
				30AF500C2D16DF5F00DB54AF /* Services */,
				30AF50082D16DF5F00DB54AF /* NetworkLayer */,
				30AF500A2D16DF5F00DB54AF /* Preview Content */,
				30AF4FF82D16DF5F00DB54AF /* Models */,
				30AF500D2D16DF5F00DB54AF /* Assets.xcassets */,
				30AF500E2D16DF5F00DB54AF /* ContentView.swift */,
			);
			path = "TMDB MVVM";
			sourceTree = "<group>";
		};
/* End PBXGroup section */

/* Begin PBXNativeTarget section */
		30AF4F9F2D16D68600DB54AF /* TMDB MVVM */ = {
			isa = PBXNativeTarget;
			buildConfigurationList = 30AF4FAE2D16D68700DB54AF /* Build configuration list for PBXNativeTarget "TMDB MVVM" */;
			buildPhases = (
				30AF4F9C2D16D68600DB54AF /* Sources */,
				30AF4F9D2D16D68600DB54AF /* Frameworks */,
				30AF4F9E2D16D68600DB54AF /* Resources */,
			);
			buildRules = (
			);
			dependencies = (
			);
			name = "TMDB MVVM";
			packageProductDependencies = (
			);
			productName = "TMDB MVVM";
			productReference = 30AF4FA02D16D68600DB54AF /* TMDB MVVM.app */;
			productType = "com.apple.product-type.application";
		};
/* End PBXNativeTarget section */

/* Begin PBXProject section */
		30AF4F982D16D68600DB54AF /* Project object */ = {
			isa = PBXProject;
			attributes = {
				BuildIndependentTargetsInParallel = 1;
				LastSwiftUpdateCheck = 1620;
				LastUpgradeCheck = 1620;
				TargetAttributes = {
					30AF4F9F2D16D68600DB54AF = {
						CreatedOnToolsVersion = 16.2;
					};
				};
			};
			buildConfigurationList = 30AF4F9B2D16D68600DB54AF /* Build configuration list for PBXProject "TMDB MVVM" */;
			developmentRegion = en;
			hasScannedForEncodings = 0;
			knownRegions = (
				en,
				Base,
			);
			mainGroup = 30AF4F972D16D68600DB54AF;
			minimizedProjectReferenceProxies = 1;
			preferredProjectObjectVersion = 77;
			productRefGroup = 30AF4FA12D16D68600DB54AF /* Products */;
			projectDirPath = "";
			projectRoot = "";
			targets = (
				30AF4F9F2D16D68600DB54AF /* TMDB MVVM */,
			);
		};
/* End PBXProject section */

/* Begin PBXResourcesBuildPhase section */
		30AF4F9E2D16D68600DB54AF /* Resources */ = {
			isa = PBXResourcesBuildPhase;
			buildActionMask = 2147483647;
			files = (
				30AF50112D16DF5F00DB54AF /* Preview Assets.xcassets in Resources */,
				30AF50122D16DF5F00DB54AF /* Assets.xcassets in Resources */,
			);
			runOnlyForDeploymentPostprocessing = 0;
		};
/* End PBXResourcesBuildPhase section */

/* Begin PBXSourcesBuildPhase section */
		30AF4F9C2D16D68600DB54AF /* Sources */ = {
			isa = PBXSourcesBuildPhase;
			buildActionMask = 2147483647;
			files = (
				30AF50132D16DF5F00DB54AF /* Movie.swift in Sources */,
				30AF50142D16DF5F00DB54AF /* MovieList.swift in Sources */,
				30AF50152D16DF5F00DB54AF /* PostMovieToFavoritesRequest.swift in Sources */,
				30AF50162D16DF5F00DB54AF /* PostMovieToFavoritesResponse.swift in Sources */,
				30AF50172D16DF5F00DB54AF /* SingleMovie.swift in Sources */,
				30AF50182D16DF5F00DB54AF /* Example 1.swift in Sources */,
				30AF50192D16DF5F00DB54AF /* Example 2.swift in Sources */,
				30AF501A2D16DF5F00DB54AF /* Example 3.swift in Sources */,
				30AF501B2D16DF5F00DB54AF /* NetworkError.swift in Sources */,
				30AF501C2D16DF5F00DB54AF /* NetworkService.swift in Sources */,
				30AF501D2D16DF5F00DB54AF /* DataEncoder.swift in Sources */,
				30AF501E2D16DF5F00DB54AF /* DataParserProtocol.swift in Sources */,
				30AF501F2D16DF5F00DB54AF /* HTTPMethod.swift in Sources */,
				30AF50202D16DF5F00DB54AF /* URLComponentsProtocol.swift in Sources */,
				30AF50212D16DF5F00DB54AF /* URLSessionProtocol.swift in Sources */,
				30AF50222D16DF5F00DB54AF /* MoviesService.swift in Sources */,
				30AF50232D16DF5F00DB54AF /* ContentView.swift in Sources */,
				30AF50242D16DF5F00DB54AF /* TMDB_MVVMApp.swift in Sources */,
			);
			runOnlyForDeploymentPostprocessing = 0;
		};
/* End PBXSourcesBuildPhase section */

/* Begin XCBuildConfiguration section */
		30AF4FAC2D16D68700DB54AF /* Debug */ = {
			isa = XCBuildConfiguration;
			buildSettings = {
				ALWAYS_SEARCH_USER_PATHS = NO;
				ASSETCATALOG_COMPILER_GENERATE_SWIFT_ASSET_SYMBOL_EXTENSIONS = YES;
				CLANG_ANALYZER_NONNULL = YES;
				CLANG_ANALYZER_NUMBER_OBJECT_CONVERSION = YES_AGGRESSIVE;
				CLANG_CXX_LANGUAGE_STANDARD = "gnu++20";
				CLANG_ENABLE_MODULES = YES;
				CLANG_ENABLE_OBJC_ARC = YES;
				CLANG_ENABLE_OBJC_WEAK = YES;
				CLANG_WARN_BLOCK_CAPTURE_AUTORELEASING = YES;
				CLANG_WARN_BOOL_CONVERSION = YES;
				CLANG_WARN_COMMA = YES;
				CLANG_WARN_CONSTANT_CONVERSION = YES;
				CLANG_WARN_DEPRECATED_OBJC_IMPLEMENTATIONS = YES;
				CLANG_WARN_DIRECT_OBJC_ISA_USAGE = YES_ERROR;
				CLANG_WARN_DOCUMENTATION_COMMENTS = YES;
				CLANG_WARN_EMPTY_BODY = YES;
				CLANG_WARN_ENUM_CONVERSION = YES;
				CLANG_WARN_INFINITE_RECURSION = YES;
				CLANG_WARN_INT_CONVERSION = YES;
				CLANG_WARN_NON_LITERAL_NULL_CONVERSION = YES;
				CLANG_WARN_OBJC_IMPLICIT_RETAIN_SELF = YES;
				CLANG_WARN_OBJC_LITERAL_CONVERSION = YES;
				CLANG_WARN_OBJC_ROOT_CLASS = YES_ERROR;
				CLANG_WARN_QUOTED_INCLUDE_IN_FRAMEWORK_HEADER = YES;
				CLANG_WARN_RANGE_LOOP_ANALYSIS = YES;
				CLANG_WARN_STRICT_PROTOTYPES = YES;
				CLANG_WARN_SUSPICIOUS_MOVE = YES;
				CLANG_WARN_UNGUARDED_AVAILABILITY = YES_AGGRESSIVE;
				CLANG_WARN_UNREACHABLE_CODE = YES;
				CLANG_WARN__DUPLICATE_METHOD_MATCH = YES;
				COPY_PHASE_STRIP = NO;
				DEBUG_INFORMATION_FORMAT = dwarf;
				ENABLE_STRICT_OBJC_MSGSEND = YES;
				ENABLE_TESTABILITY = YES;
				ENABLE_USER_SCRIPT_SANDBOXING = YES;
				GCC_C_LANGUAGE_STANDARD = gnu17;
				GCC_DYNAMIC_NO_PIC = NO;
				GCC_NO_COMMON_BLOCKS = YES;
				GCC_OPTIMIZATION_LEVEL = 0;
				GCC_PREPROCESSOR_DEFINITIONS = (
					"DEBUG=1",
					"$(inherited)",
				);
				GCC_WARN_64_TO_32_BIT_CONVERSION = YES;
				GCC_WARN_ABOUT_RETURN_TYPE = YES_ERROR;
				GCC_WARN_UNDECLARED_SELECTOR = YES;
				GCC_WARN_UNINITIALIZED_AUTOS = YES_AGGRESSIVE;
				GCC_WARN_UNUSED_FUNCTION = YES;
				GCC_WARN_UNUSED_VARIABLE = YES;
				IPHONEOS_DEPLOYMENT_TARGET = 18.2;
				LOCALIZATION_PREFERS_STRING_CATALOGS = YES;
				MTL_ENABLE_DEBUG_INFO = INCLUDE_SOURCE;
				MTL_FAST_MATH = YES;
				ONLY_ACTIVE_ARCH = YES;
				SDKROOT = iphoneos;
				SWIFT_ACTIVE_COMPILATION_CONDITIONS = "DEBUG $(inherited)";
				SWIFT_OPTIMIZATION_LEVEL = "-Onone";
			};
			name = Debug;
		};
		30AF4FAD2D16D68700DB54AF /* Release */ = {
			isa = XCBuildConfiguration;
			buildSettings = {
				ALWAYS_SEARCH_USER_PATHS = NO;
				ASSETCATALOG_COMPILER_GENERATE_SWIFT_ASSET_SYMBOL_EXTENSIONS = YES;
				CLANG_ANALYZER_NONNULL = YES;
				CLANG_ANALYZER_NUMBER_OBJECT_CONVERSION = YES_AGGRESSIVE;
				CLANG_CXX_LANGUAGE_STANDARD = "gnu++20";
				CLANG_ENABLE_MODULES = YES;
				CLANG_ENABLE_OBJC_ARC = YES;
				CLANG_ENABLE_OBJC_WEAK = YES;
				CLANG_WARN_BLOCK_CAPTURE_AUTORELEASING = YES;
				CLANG_WARN_BOOL_CONVERSION = YES;
				CLANG_WARN_COMMA = YES;
				CLANG_WARN_CONSTANT_CONVERSION = YES;
				CLANG_WARN_DEPRECATED_OBJC_IMPLEMENTATIONS = YES;
				CLANG_WARN_DIRECT_OBJC_ISA_USAGE = YES_ERROR;
				CLANG_WARN_DOCUMENTATION_COMMENTS = YES;
				CLANG_WARN_EMPTY_BODY = YES;
				CLANG_WARN_ENUM_CONVERSION = YES;
				CLANG_WARN_INFINITE_RECURSION = YES;
				CLANG_WARN_INT_CONVERSION = YES;
				CLANG_WARN_NON_LITERAL_NULL_CONVERSION = YES;
				CLANG_WARN_OBJC_IMPLICIT_RETAIN_SELF = YES;
				CLANG_WARN_OBJC_LITERAL_CONVERSION = YES;
				CLANG_WARN_OBJC_ROOT_CLASS = YES_ERROR;
				CLANG_WARN_QUOTED_INCLUDE_IN_FRAMEWORK_HEADER = YES;
				CLANG_WARN_RANGE_LOOP_ANALYSIS = YES;
				CLANG_WARN_STRICT_PROTOTYPES = YES;
				CLANG_WARN_SUSPICIOUS_MOVE = YES;
				CLANG_WARN_UNGUARDED_AVAILABILITY = YES_AGGRESSIVE;
				CLANG_WARN_UNREACHABLE_CODE = YES;
				CLANG_WARN__DUPLICATE_METHOD_MATCH = YES;
				COPY_PHASE_STRIP = NO;
				DEBUG_INFORMATION_FORMAT = "dwarf-with-dsym";
				ENABLE_NS_ASSERTIONS = NO;
				ENABLE_STRICT_OBJC_MSGSEND = YES;
				ENABLE_USER_SCRIPT_SANDBOXING = YES;
				GCC_C_LANGUAGE_STANDARD = gnu17;
				GCC_NO_COMMON_BLOCKS = YES;
				GCC_WARN_64_TO_32_BIT_CONVERSION = YES;
				GCC_WARN_ABOUT_RETURN_TYPE = YES_ERROR;
				GCC_WARN_UNDECLARED_SELECTOR = YES;
				GCC_WARN_UNINITIALIZED_AUTOS = YES_AGGRESSIVE;
				GCC_WARN_UNUSED_FUNCTION = YES;
				GCC_WARN_UNUSED_VARIABLE = YES;
				IPHONEOS_DEPLOYMENT_TARGET = 18.2;
				LOCALIZATION_PREFERS_STRING_CATALOGS = YES;
				MTL_ENABLE_DEBUG_INFO = NO;
				MTL_FAST_MATH = YES;
				SDKROOT = iphoneos;
				SWIFT_COMPILATION_MODE = wholemodule;
				VALIDATE_PRODUCT = YES;
			};
			name = Release;
		};
		30AF4FAF2D16D68700DB54AF /* Debug */ = {
			isa = XCBuildConfiguration;
			buildSettings = {
				ASSETCATALOG_COMPILER_APPICON_NAME = AppIcon;
				ASSETCATALOG_COMPILER_GLOBAL_ACCENT_COLOR_NAME = AccentColor;
				CODE_SIGN_STYLE = Automatic;
				CURRENT_PROJECT_VERSION = 1;
				DEVELOPMENT_ASSET_PATHS = "\"TMDB MVVM/Preview Content\"";
				DEVELOPMENT_TEAM = FQWAP959Y3;
				ENABLE_PREVIEWS = YES;
				GENERATE_INFOPLIST_FILE = YES;
				INFOPLIST_KEY_UIApplicationSceneManifest_Generation = YES;
				INFOPLIST_KEY_UIApplicationSupportsIndirectInputEvents = YES;
				INFOPLIST_KEY_UILaunchScreen_Generation = YES;
				INFOPLIST_KEY_UISupportedInterfaceOrientations_iPad = "UIInterfaceOrientationPortrait UIInterfaceOrientationPortraitUpsideDown UIInterfaceOrientationLandscapeLeft UIInterfaceOrientationLandscapeRight";
				INFOPLIST_KEY_UISupportedInterfaceOrientations_iPhone = "UIInterfaceOrientationPortrait UIInterfaceOrientationLandscapeLeft UIInterfaceOrientationLandscapeRight";
				LD_RUNPATH_SEARCH_PATHS = (
					"$(inherited)",
					"@executable_path/Frameworks",
				);
				MARKETING_VERSION = 1.0;
				PRODUCT_BUNDLE_IDENTIFIER = "onflyer.com.TMDB-MVVM";
				PRODUCT_NAME = "$(TARGET_NAME)";
				SWIFT_EMIT_LOC_STRINGS = YES;
				SWIFT_VERSION = 5.0;
				TARGETED_DEVICE_FAMILY = "1,2";
			};
			name = Debug;
		};
		30AF4FB02D16D68700DB54AF /* Release */ = {
			isa = XCBuildConfiguration;
			buildSettings = {
				ASSETCATALOG_COMPILER_APPICON_NAME = AppIcon;
				ASSETCATALOG_COMPILER_GLOBAL_ACCENT_COLOR_NAME = AccentColor;
				CODE_SIGN_STYLE = Automatic;
				CURRENT_PROJECT_VERSION = 1;
				DEVELOPMENT_ASSET_PATHS = "\"TMDB MVVM/Preview Content\"";
				DEVELOPMENT_TEAM = FQWAP959Y3;
				ENABLE_PREVIEWS = YES;
				GENERATE_INFOPLIST_FILE = YES;
				INFOPLIST_KEY_UIApplicationSceneManifest_Generation = YES;
				INFOPLIST_KEY_UIApplicationSupportsIndirectInputEvents = YES;
				INFOPLIST_KEY_UILaunchScreen_Generation = YES;
				INFOPLIST_KEY_UISupportedInterfaceOrientations_iPad = "UIInterfaceOrientationPortrait UIInterfaceOrientationPortraitUpsideDown UIInterfaceOrientationLandscapeLeft UIInterfaceOrientationLandscapeRight";
				INFOPLIST_KEY_UISupportedInterfaceOrientations_iPhone = "UIInterfaceOrientationPortrait UIInterfaceOrientationLandscapeLeft UIInterfaceOrientationLandscapeRight";
				LD_RUNPATH_SEARCH_PATHS = (
					"$(inherited)",
					"@executable_path/Frameworks",
				);
				MARKETING_VERSION = 1.0;
				PRODUCT_BUNDLE_IDENTIFIER = "onflyer.com.TMDB-MVVM";
				PRODUCT_NAME = "$(TARGET_NAME)";
				SWIFT_EMIT_LOC_STRINGS = YES;
				SWIFT_VERSION = 5.0;
				TARGETED_DEVICE_FAMILY = "1,2";
			};
			name = Release;
		};
/* End XCBuildConfiguration section */

/* Begin XCConfigurationList section */
		30AF4F9B2D16D68600DB54AF /* Build configuration list for PBXProject "TMDB MVVM" */ = {
			isa = XCConfigurationList;
			buildConfigurations = (
				30AF4FAC2D16D68700DB54AF /* Debug */,
				30AF4FAD2D16D68700DB54AF /* Release */,
			);
			defaultConfigurationIsVisible = 0;
			defaultConfigurationName = Release;
		};
		30AF4FAE2D16D68700DB54AF /* Build configuration list for PBXNativeTarget "TMDB MVVM" */ = {
			isa = XCConfigurationList;
			buildConfigurations = (
				30AF4FAF2D16D68700DB54AF /* Debug */,
				30AF4FB02D16D68700DB54AF /* Release */,
			);
			defaultConfigurationIsVisible = 0;
			defaultConfigurationName = Release;
		};
/* End XCConfigurationList section */
	};
	rootObject = 30AF4F982D16D68600DB54AF /* Project object */;
}
