// !$*UTF8*$!
{
	archiveVersion = 1;
	classes = {
	};
	objectVersion = 77;
	objects = {

/* Begin PBXBuildFile section */
		300B95F42D1970430073CDF9 /* FeedDelegate.swift in Sources */ = {isa = PBXBuildFile; fileRef = 300B95F32D1970430073CDF9 /* FeedDelegate.swift */; };
		300B95F62D19707F0073CDF9 /* FeedPresenter.swift in Sources */ = {isa = PBXBuildFile; fileRef = 300B95F52D19707F0073CDF9 /* FeedPresenter.swift */; };
		300B97CC2D1975680073CDF9 /* SDWebImageSwiftUI in Frameworks */ = {isa = PBXBuildFile; productRef = 300B97CB2D1975680073CDF9 /* SDWebImageSwiftUI */; };
		300B97CF2D1975B70073CDF9 /* ImageLoaderView.swift in Sources */ = {isa = PBXBuildFile; fileRef = 300B97CE2D1975B70073CDF9 /* ImageLoaderView.swift */; };
		300B97D22D1975F40073CDF9 /* Constants.swift in Sources */ = {isa = PBXBuildFile; fileRef = 300B97D12D1975F40073CDF9 /* Constants.swift */; };
		300B97D52D1979D90073CDF9 /* MovieCellView.swift in Sources */ = {isa = PBXBuildFile; fileRef = 300B97D42D1979D90073CDF9 /* MovieCellView.swift */; };
		3020D5E72D64B60D00C7E151 /* LocationServiceProd.swift in Sources */ = {isa = PBXBuildFile; fileRef = 3020D5E62D64B60D00C7E151 /* LocationServiceProd.swift */; };
		3020D5EB2D64D4A300C7E151 /* TheatreLocationsView1.swift in Sources */ = {isa = PBXBuildFile; fileRef = 3020D5EA2D64D4A300C7E151 /* TheatreLocationsView1.swift */; };
		3020D7C22D6787C000C7E151 /* LocationService.swift in Sources */ = {isa = PBXBuildFile; fileRef = 3020D7C12D6787C000C7E151 /* LocationService.swift */; };
		3020D7C42D67899E00C7E151 /* LocationManager.swift in Sources */ = {isa = PBXBuildFile; fileRef = 3020D7C32D67899E00C7E151 /* LocationManager.swift */; };
		3020D7C82D67D66800C7E151 /* Test323.swift in Sources */ = {isa = PBXBuildFile; fileRef = 3020D7C72D67D66800C7E151 /* Test323.swift */; };
		3020D7CA2D6A2BE100C7E151 /* LocationServiceProd2.swift in Sources */ = {isa = PBXBuildFile; fileRef = 3020D7C92D6A2BE100C7E151 /* LocationServiceProd2.swift */; };
		3020D7CC2D6A3A0800C7E151 /* LocationServiceMock2.swift in Sources */ = {isa = PBXBuildFile; fileRef = 3020D7CB2D6A3A0800C7E151 /* LocationServiceMock2.swift */; };
		3020D7CE2D6A3CB900C7E151 /* LocationManager3.swift in Sources */ = {isa = PBXBuildFile; fileRef = 3020D7CD2D6A3CB900C7E151 /* LocationManager3.swift */; };
		3020D7D02D6B5C7500C7E151 /* TheatreLocationsInteractor.swift in Sources */ = {isa = PBXBuildFile; fileRef = 3020D7CF2D6B5C7500C7E151 /* TheatreLocationsInteractor.swift */; };
		3020D7D22D6B67E200C7E151 /* TheatreLocationsPresenter.swift in Sources */ = {isa = PBXBuildFile; fileRef = 3020D7D12D6B67E200C7E151 /* TheatreLocationsPresenter.swift */; };
		3020D7D42D6B680B00C7E151 /* TheatreLocationsRouter.swift in Sources */ = {isa = PBXBuildFile; fileRef = 3020D7D32D6B680B00C7E151 /* TheatreLocationsRouter.swift */; };
		3020D7D62D6B9A0200C7E151 /* LocationServiceProd3.swift in Sources */ = {isa = PBXBuildFile; fileRef = 3020D7D52D6B9A0200C7E151 /* LocationServiceProd3.swift */; };
		3020D7D82D6BAAC700C7E151 /* LocationServiceMock3.swift in Sources */ = {isa = PBXBuildFile; fileRef = 3020D7D72D6BAAC700C7E151 /* LocationServiceMock3.swift */; };
		3020D85E2D6BB94500C7E151 /* TheatreLocationsView.swift in Sources */ = {isa = PBXBuildFile; fileRef = 3020D85D2D6BB94500C7E151 /* TheatreLocationsView.swift */; };
		3036F6632D4FB3F70063616B /* ModelsTests.swift in Sources */ = {isa = PBXBuildFile; fileRef = 3036F6622D4FB3F70063616B /* ModelsTests.swift */; };
		3036F6652D4FB7F60063616B /* DetailPresenterTests.swift in Sources */ = {isa = PBXBuildFile; fileRef = 3036F6642D4FB7F60063616B /* DetailPresenterTests.swift */; };
		3036F66E2D500D630063616B /* NetworkServiceMock.swift in Sources */ = {isa = PBXBuildFile; fileRef = 3036F6672D500D630063616B /* NetworkServiceMock.swift */; };
		3036F66F2D500D630063616B /* DataParserMock.swift in Sources */ = {isa = PBXBuildFile; fileRef = 3036F6662D500D630063616B /* DataParserMock.swift */; };
		3036F6702D500D630063616B /* NetworkServiceTests.swift in Sources */ = {isa = PBXBuildFile; fileRef = 3036F66D2D500D630063616B /* NetworkServiceTests.swift */; };
		3036F6712D500D630063616B /* URLComponentsMock.swift in Sources */ = {isa = PBXBuildFile; fileRef = 3036F6692D500D630063616B /* URLComponentsMock.swift */; };
		3036F6722D500D630063616B /* URLSessionMockService.swift in Sources */ = {isa = PBXBuildFile; fileRef = 3036F66A2D500D630063616B /* URLSessionMockService.swift */; };
		305489B42D381D44005E463E /* FavoritesView.swift in Sources */ = {isa = PBXBuildFile; fileRef = 305489B32D381D44005E463E /* FavoritesView.swift */; };
		305489B62D381D5D005E463E /* FavoritesPresenter.swift in Sources */ = {isa = PBXBuildFile; fileRef = 305489B52D381D5D005E463E /* FavoritesPresenter.swift */; };
		305489B82D381D95005E463E /* FavoritesInteractor.swift in Sources */ = {isa = PBXBuildFile; fileRef = 305489B72D381D95005E463E /* FavoritesInteractor.swift */; };
		305489BA2D381E15005E463E /* FavoritesRouter.swift in Sources */ = {isa = PBXBuildFile; fileRef = 305489B92D381E15005E463E /* FavoritesRouter.swift */; };
		30548B912D3BF297005E463E /* ShimmerLoadingView.swift in Sources */ = {isa = PBXBuildFile; fileRef = 30548B902D3BF297005E463E /* ShimmerLoadingView.swift */; };
		30548B932D3BF2BA005E463E /* HomePagePlaceholder.swift in Sources */ = {isa = PBXBuildFile; fileRef = 30548B922D3BF2BA005E463E /* HomePagePlaceholder.swift */; };
		30548D6C2D3D1285005E463E /* SwiftfulLogging in Frameworks */ = {isa = PBXBuildFile; productRef = 30548D6B2D3D1285005E463E /* SwiftfulLogging */; };
		30548F442D3D3CC3005E463E /* Error + EXT.swift in Sources */ = {isa = PBXBuildFile; fileRef = 30548F432D3D3CC3005E463E /* Error + EXT.swift */; };
		30548F492D4661CE005E463E /* ImageModalView.swift in Sources */ = {isa = PBXBuildFile; fileRef = 30548F482D4661CE005E463E /* ImageModalView.swift */; };
		30548F5D2D479CE8005E463E /* HomePresenterTests.swift in Sources */ = {isa = PBXBuildFile; fileRef = 30548F5C2D479CE8005E463E /* HomePresenterTests.swift */; };
		306F5EF22D19E163002E1583 /* DetailView.swift in Sources */ = {isa = PBXBuildFile; fileRef = 306F5EF12D19E163002E1583 /* DetailView.swift */; };
		306F5EF62D19E1E9002E1583 /* DetailPresenter.swift in Sources */ = {isa = PBXBuildFile; fileRef = 306F5EF52D19E1E9002E1583 /* DetailPresenter.swift */; };
		306F5EF82D19E276002E1583 /* DetailInteractor.swift in Sources */ = {isa = PBXBuildFile; fileRef = 306F5EF72D19E276002E1583 /* DetailInteractor.swift */; };
		306F5EFA2D19E2DE002E1583 /* DetailRouter.swift in Sources */ = {isa = PBXBuildFile; fileRef = 306F5EF92D19E2DE002E1583 /* DetailRouter.swift */; };
		30A25A062D26B83A00C2C094 /* SearchCellView.swift in Sources */ = {isa = PBXBuildFile; fileRef = 30A25A052D26B83A00C2C094 /* SearchCellView.swift */; };
		30C2EADD2D18A2C50058DA88 /* Preview Assets.xcassets in Resources */ = {isa = PBXBuildFile; fileRef = 30C2EABC2D18A2C50058DA88 /* Preview Assets.xcassets */; };
		30C2EADE2D18A2C50058DA88 /* Assets.xcassets in Resources */ = {isa = PBXBuildFile; fileRef = 30C2EAD92D18A2C50058DA88 /* Assets.xcassets */; };
		30C2EADF2D18A2C50058DA88 /* MoviesService.swift in Sources */ = {isa = PBXBuildFile; fileRef = 30C2EAC22D18A2C50058DA88 /* MoviesService.swift */; };
		30C2EAE02D18A2C50058DA88 /* NetworkManager.swift in Sources */ = {isa = PBXBuildFile; fileRef = 30C2EAD72D18A2C50058DA88 /* NetworkManager.swift */; };
		30C2EAE22D18A2C50058DA88 /* DataParserProtocol.swift in Sources */ = {isa = PBXBuildFile; fileRef = 30C2EACE2D18A2C50058DA88 /* DataParserProtocol.swift */; };
		30C2EAE42D18A2C50058DA88 /* URLSessionProtocol.swift in Sources */ = {isa = PBXBuildFile; fileRef = 30C2EAD32D18A2C50058DA88 /* URLSessionProtocol.swift */; };
		30C2EAE62D18A2C50058DA88 /* GetMoviesRequest.swift in Sources */ = {isa = PBXBuildFile; fileRef = 30C2EAC72D18A2C50058DA88 /* GetMoviesRequest.swift */; };
		30C2EAE82D18A2C50058DA88 /* DataEncoder.swift in Sources */ = {isa = PBXBuildFile; fileRef = 30C2EACD2D18A2C50058DA88 /* DataEncoder.swift */; };
		30C2EAEA2D18A2C50058DA88 /* TMDB_VIPERApp.swift in Sources */ = {isa = PBXBuildFile; fileRef = 30C2EADB2D18A2C50058DA88 /* TMDB_VIPERApp.swift */; };
		30C2EAEB2D18A2C50058DA88 /* MovieServiceMock.swift in Sources */ = {isa = PBXBuildFile; fileRef = 30C2EAC32D18A2C50058DA88 /* MovieServiceMock.swift */; };
		30C2EAEC2D18A2C50058DA88 /* NetworkError.swift in Sources */ = {isa = PBXBuildFile; fileRef = 30C2EACA2D18A2C50058DA88 /* NetworkError.swift */; };
		30C2EAED2D18A2C50058DA88 /* HTTPMethod.swift in Sources */ = {isa = PBXBuildFile; fileRef = 30C2EAD02D18A2C50058DA88 /* HTTPMethod.swift */; };
		30C2EAEE2D18A2C50058DA88 /* URLComponentsProtocol.swift in Sources */ = {isa = PBXBuildFile; fileRef = 30C2EAD12D18A2C50058DA88 /* URLComponentsProtocol.swift */; };
		30C2EAF02D18A2C50058DA88 /* Dependencies.swift in Sources */ = {isa = PBXBuildFile; fileRef = 30C2EAC02D18A2C50058DA88 /* Dependencies.swift */; };
		30C2EAF12D18A2C50058DA88 /* CoreInteractor.swift in Sources */ = {isa = PBXBuildFile; fileRef = 30C2EABE2D18A2C50058DA88 /* CoreInteractor.swift */; };
		30C2EAF22D18A2C50058DA88 /* MovieManager.swift in Sources */ = {isa = PBXBuildFile; fileRef = 30C2EAD62D18A2C50058DA88 /* MovieManager.swift */; };
		30C2EAF32D18A2C50058DA88 /* MovieServiceProd.swift in Sources */ = {isa = PBXBuildFile; fileRef = 30C2EAC42D18A2C50058DA88 /* MovieServiceProd.swift */; };
		30C2EAF42D18A2C50058DA88 /* NetworkService.swift in Sources */ = {isa = PBXBuildFile; fileRef = 30C2EACB2D18A2C50058DA88 /* NetworkService.swift */; };
		30C2EAF52D18A2C50058DA88 /* DependancyContainer.swift in Sources */ = {isa = PBXBuildFile; fileRef = 30C2EABF2D18A2C50058DA88 /* DependancyContainer.swift */; };
		30C2EAF62D18A2C50058DA88 /* SearchMoviesRequest.swift in Sources */ = {isa = PBXBuildFile; fileRef = 30C2EAC82D18A2C50058DA88 /* SearchMoviesRequest.swift */; };
		30C2EAF72D18A2C50058DA88 /* FavouriteMoviesRequest.swift in Sources */ = {isa = PBXBuildFile; fileRef = 30C2EAC62D18A2C50058DA88 /* FavouriteMoviesRequest.swift */; };
		30C2ECCD2D18AD910058DA88 /* CoreBuilder.swift in Sources */ = {isa = PBXBuildFile; fileRef = 30C2ECCC2D18AD910058DA88 /* CoreBuilder.swift */; };
		30C2ECD02D18AE150058DA88 /* HomeView.swift in Sources */ = {isa = PBXBuildFile; fileRef = 30C2ECCF2D18AE150058DA88 /* HomeView.swift */; };
		30C2ECD32D18AF3C0058DA88 /* RootView.swift in Sources */ = {isa = PBXBuildFile; fileRef = 30C2ECD22D18AF3C0058DA88 /* RootView.swift */; };
		30C2ECD62D18AF980058DA88 /* OnFirstAppearViewModifier.swift in Sources */ = {isa = PBXBuildFile; fileRef = 30C2ECD52D18AF980058DA88 /* OnFirstAppearViewModifier.swift */; };
		30C2ECD82D18AFC40058DA88 /* AnyNotificationListenerViewModifier.swift in Sources */ = {isa = PBXBuildFile; fileRef = 30C2ECD72D18AFC40058DA88 /* AnyNotificationListenerViewModifier.swift */; };
		30C2ECDA2D18B0F60058DA88 /* HomePresenter.swift in Sources */ = {isa = PBXBuildFile; fileRef = 30C2ECD92D18B0F60058DA88 /* HomePresenter.swift */; };
		30C2ECDC2D18B1350058DA88 /* HomeInteractor.swift in Sources */ = {isa = PBXBuildFile; fileRef = 30C2ECDB2D18B1350058DA88 /* HomeInteractor.swift */; };
		30C2ECDF2D18B2460058DA88 /* View+EXT Custom.swift in Sources */ = {isa = PBXBuildFile; fileRef = 30C2ECDE2D18B2460058DA88 /* View+EXT Custom.swift */; };
		30C2ECE12D18B3EB0058DA88 /* HomeRouter.swift in Sources */ = {isa = PBXBuildFile; fileRef = 30C2ECE02D18B3EB0058DA88 /* HomeRouter.swift */; };
		30C2EDC42D18B8700058DA88 /* AlertViewModifer.swift in Sources */ = {isa = PBXBuildFile; fileRef = 30C2EDB32D18B8700058DA88 /* AlertViewModifer.swift */; };
		30C2EDC52D18B8700058DA88 /* ModalViewModifier.swift in Sources */ = {isa = PBXBuildFile; fileRef = 30C2EDB42D18B8700058DA88 /* ModalViewModifier.swift */; };
		30C2EDC62D18B8700058DA88 /* NavigationStackIfNeeded.swift in Sources */ = {isa = PBXBuildFile; fileRef = 30C2EDB52D18B8700058DA88 /* NavigationStackIfNeeded.swift */; };
		30C2EDC72D18B8700058DA88 /* SheetViewModifier.swift in Sources */ = {isa = PBXBuildFile; fileRef = 30C2EDB62D18B8700058DA88 /* SheetViewModifier.swift */; };
		30C2EDC82D18B8700058DA88 /* Router.swift in Sources */ = {isa = PBXBuildFile; fileRef = 30C2EDB82D18B8700058DA88 /* Router.swift */; };
		30C2EDC92D18B8700058DA88 /* RouterView.swift in Sources */ = {isa = PBXBuildFile; fileRef = 30C2EDB92D18B8700058DA88 /* RouterView.swift */; };
		30C2EDCA2D18B8700058DA88 /* Binding+EXT.swift in Sources */ = {isa = PBXBuildFile; fileRef = 30C2EDBB2D18B8700058DA88 /* Binding+EXT.swift */; };
		30C2EDCB2D18B8700058DA88 /* View+EXT.swift in Sources */ = {isa = PBXBuildFile; fileRef = 30C2EDBC2D18B8700058DA88 /* View+EXT.swift */; };
		30C2EDCC2D18B8700058DA88 /* AlertType.swift in Sources */ = {isa = PBXBuildFile; fileRef = 30C2EDBE2D18B8700058DA88 /* AlertType.swift */; };
		30C2EDCD2D18B8700058DA88 /* AnyAppAlert.swift in Sources */ = {isa = PBXBuildFile; fileRef = 30C2EDBF2D18B8700058DA88 /* AnyAppAlert.swift */; };
		30C2EDCE2D18B8700058DA88 /* AnyDestination.swift in Sources */ = {isa = PBXBuildFile; fileRef = 30C2EDC02D18B8700058DA88 /* AnyDestination.swift */; };
		30C2EDCF2D18B8700058DA88 /* SegueOption.swift in Sources */ = {isa = PBXBuildFile; fileRef = 30C2EDC12D18B8700058DA88 /* SegueOption.swift */; };
		30C2EDD12D18B9270058DA88 /* CoreRouter.swift in Sources */ = {isa = PBXBuildFile; fileRef = 30C2EDD02D18B9270058DA88 /* CoreRouter.swift */; };
		30C2EDD32D18BCD00058DA88 /* AppDelegate.swift in Sources */ = {isa = PBXBuildFile; fileRef = 30C2EDD22D18BCD00058DA88 /* AppDelegate.swift */; };
		30C2EDD52D18C1E50058DA88 /* ButtonViewModifiers.swift in Sources */ = {isa = PBXBuildFile; fileRef = 30C2EDD42D18C1E50058DA88 /* ButtonViewModifiers.swift */; };
		30FD05EA2D2947650039A66D /* TrailersModalView.swift in Sources */ = {isa = PBXBuildFile; fileRef = 30FD05E92D2947650039A66D /* TrailersModalView.swift */; };
		30FD099A2D33C4A80039A66D /* LocalMoviePersistence.swift in Sources */ = {isa = PBXBuildFile; fileRef = 30FD09992D33C4A80039A66D /* LocalMoviePersistence.swift */; };
		30FD09B82D33C62F0039A66D /* Movie.swift in Sources */ = {isa = PBXBuildFile; fileRef = 30FD09B22D33C62F0039A66D /* Movie.swift */; };
		30FD09B92D33C62F0039A66D /* MovieList.swift in Sources */ = {isa = PBXBuildFile; fileRef = 30FD09B32D33C62F0039A66D /* MovieList.swift */; };
		30FD09BA2D33C62F0039A66D /* PostMovieToFavoritesRequest.swift in Sources */ = {isa = PBXBuildFile; fileRef = 30FD09B42D33C62F0039A66D /* PostMovieToFavoritesRequest.swift */; };
		30FD09BB2D33C62F0039A66D /* PostMovieToFavoritesResponse.swift in Sources */ = {isa = PBXBuildFile; fileRef = 30FD09B52D33C62F0039A66D /* PostMovieToFavoritesResponse.swift */; };
		30FD09BC2D33C62F0039A66D /* SingleMovie.swift in Sources */ = {isa = PBXBuildFile; fileRef = 30FD09B62D33C62F0039A66D /* SingleMovie.swift */; };
		30FD09BE2D33C6470039A66D /* SingleMovieEntity.swift in Sources */ = {isa = PBXBuildFile; fileRef = 30FD09BD2D33C6470039A66D /* SingleMovieEntity.swift */; };
		30FD09C02D33CCF80039A66D /* SwiftDataFavoriteMoviesServiceProd.swift in Sources */ = {isa = PBXBuildFile; fileRef = 30FD09BF2D33CCF80039A66D /* SwiftDataFavoriteMoviesServiceProd.swift */; };
		30FD09C22D33E59E0039A66D /* SwiftDataFavoriteMoviesServiceMock.swift in Sources */ = {isa = PBXBuildFile; fileRef = 30FD09C12D33E59E0039A66D /* SwiftDataFavoriteMoviesServiceMock.swift */; };
		30FD09C42D33E70D0039A66D /* FavoritesManager.swift in Sources */ = {isa = PBXBuildFile; fileRef = 30FD09C32D33E70D0039A66D /* FavoritesManager.swift */; };
/* End PBXBuildFile section */

/* Begin PBXContainerItemProxy section */
		30548F522D479BFC005E463E /* PBXContainerItemProxy */ = {
			isa = PBXContainerItemProxy;
			containerPortal = 30AF4F982D16D68600DB54AF /* Project object */;
			proxyType = 1;
			remoteGlobalIDString = 30AF4F9F2D16D68600DB54AF;
			remoteInfo = "TMDB VIPER";
		};
/* End PBXContainerItemProxy section */

/* Begin PBXFileReference section */
		300B95F32D1970430073CDF9 /* FeedDelegate.swift */ = {isa = PBXFileReference; lastKnownFileType = sourcecode.swift; path = FeedDelegate.swift; sourceTree = "<group>"; };
		300B95F52D19707F0073CDF9 /* FeedPresenter.swift */ = {isa = PBXFileReference; lastKnownFileType = sourcecode.swift; path = FeedPresenter.swift; sourceTree = "<group>"; };
		300B97CE2D1975B70073CDF9 /* ImageLoaderView.swift */ = {isa = PBXFileReference; lastKnownFileType = sourcecode.swift; path = ImageLoaderView.swift; sourceTree = "<group>"; };
		300B97D12D1975F40073CDF9 /* Constants.swift */ = {isa = PBXFileReference; lastKnownFileType = sourcecode.swift; path = Constants.swift; sourceTree = "<group>"; };
		300B97D42D1979D90073CDF9 /* MovieCellView.swift */ = {isa = PBXFileReference; lastKnownFileType = sourcecode.swift; path = MovieCellView.swift; sourceTree = "<group>"; };
		3020D5E62D64B60D00C7E151 /* LocationServiceProd.swift */ = {isa = PBXFileReference; lastKnownFileType = sourcecode.swift; path = LocationServiceProd.swift; sourceTree = "<group>"; };
		3020D5EA2D64D4A300C7E151 /* TheatreLocationsView1.swift */ = {isa = PBXFileReference; lastKnownFileType = sourcecode.swift; path = TheatreLocationsView1.swift; sourceTree = "<group>"; };
		3020D7C12D6787C000C7E151 /* LocationService.swift */ = {isa = PBXFileReference; lastKnownFileType = sourcecode.swift; path = LocationService.swift; sourceTree = "<group>"; };
		3020D7C32D67899E00C7E151 /* LocationManager.swift */ = {isa = PBXFileReference; lastKnownFileType = sourcecode.swift; path = LocationManager.swift; sourceTree = "<group>"; };
		3020D7C72D67D66800C7E151 /* Test323.swift */ = {isa = PBXFileReference; lastKnownFileType = sourcecode.swift; path = Test323.swift; sourceTree = "<group>"; };
		3020D7C92D6A2BE100C7E151 /* LocationServiceProd2.swift */ = {isa = PBXFileReference; lastKnownFileType = sourcecode.swift; path = LocationServiceProd2.swift; sourceTree = "<group>"; };
		3020D7CB2D6A3A0800C7E151 /* LocationServiceMock2.swift */ = {isa = PBXFileReference; lastKnownFileType = sourcecode.swift; path = LocationServiceMock2.swift; sourceTree = "<group>"; };
		3020D7CD2D6A3CB900C7E151 /* LocationManager3.swift */ = {isa = PBXFileReference; lastKnownFileType = sourcecode.swift; path = LocationManager3.swift; sourceTree = "<group>"; };
		3020D7CF2D6B5C7500C7E151 /* TheatreLocationsInteractor.swift */ = {isa = PBXFileReference; lastKnownFileType = sourcecode.swift; path = TheatreLocationsInteractor.swift; sourceTree = "<group>"; };
		3020D7D12D6B67E200C7E151 /* TheatreLocationsPresenter.swift */ = {isa = PBXFileReference; lastKnownFileType = sourcecode.swift; path = TheatreLocationsPresenter.swift; sourceTree = "<group>"; };
		3020D7D32D6B680B00C7E151 /* TheatreLocationsRouter.swift */ = {isa = PBXFileReference; lastKnownFileType = sourcecode.swift; path = TheatreLocationsRouter.swift; sourceTree = "<group>"; };
		3020D7D52D6B9A0200C7E151 /* LocationServiceProd3.swift */ = {isa = PBXFileReference; lastKnownFileType = sourcecode.swift; path = LocationServiceProd3.swift; sourceTree = "<group>"; };
		3020D7D72D6BAAC700C7E151 /* LocationServiceMock3.swift */ = {isa = PBXFileReference; lastKnownFileType = sourcecode.swift; path = LocationServiceMock3.swift; sourceTree = "<group>"; };
		3020D85D2D6BB94500C7E151 /* TheatreLocationsView.swift */ = {isa = PBXFileReference; lastKnownFileType = sourcecode.swift; path = TheatreLocationsView.swift; sourceTree = "<group>"; };
		3036F6622D4FB3F70063616B /* ModelsTests.swift */ = {isa = PBXFileReference; lastKnownFileType = sourcecode.swift; path = ModelsTests.swift; sourceTree = "<group>"; };
		3036F6642D4FB7F60063616B /* DetailPresenterTests.swift */ = {isa = PBXFileReference; lastKnownFileType = sourcecode.swift; path = DetailPresenterTests.swift; sourceTree = "<group>"; };
		3036F6662D500D630063616B /* DataParserMock.swift */ = {isa = PBXFileReference; lastKnownFileType = sourcecode.swift; path = DataParserMock.swift; sourceTree = "<group>"; };
		3036F6672D500D630063616B /* NetworkServiceMock.swift */ = {isa = PBXFileReference; lastKnownFileType = sourcecode.swift; path = NetworkServiceMock.swift; sourceTree = "<group>"; };
		3036F6692D500D630063616B /* URLComponentsMock.swift */ = {isa = PBXFileReference; lastKnownFileType = sourcecode.swift; path = URLComponentsMock.swift; sourceTree = "<group>"; };
		3036F66A2D500D630063616B /* URLSessionMockService.swift */ = {isa = PBXFileReference; lastKnownFileType = sourcecode.swift; path = URLSessionMockService.swift; sourceTree = "<group>"; };
		3036F66D2D500D630063616B /* NetworkServiceTests.swift */ = {isa = PBXFileReference; lastKnownFileType = sourcecode.swift; path = NetworkServiceTests.swift; sourceTree = "<group>"; };
		305489B32D381D44005E463E /* FavoritesView.swift */ = {isa = PBXFileReference; lastKnownFileType = sourcecode.swift; path = FavoritesView.swift; sourceTree = "<group>"; };
		305489B52D381D5D005E463E /* FavoritesPresenter.swift */ = {isa = PBXFileReference; lastKnownFileType = sourcecode.swift; path = FavoritesPresenter.swift; sourceTree = "<group>"; };
		305489B72D381D95005E463E /* FavoritesInteractor.swift */ = {isa = PBXFileReference; lastKnownFileType = sourcecode.swift; path = FavoritesInteractor.swift; sourceTree = "<group>"; };
		305489B92D381E15005E463E /* FavoritesRouter.swift */ = {isa = PBXFileReference; lastKnownFileType = sourcecode.swift; path = FavoritesRouter.swift; sourceTree = "<group>"; };
		30548B902D3BF297005E463E /* ShimmerLoadingView.swift */ = {isa = PBXFileReference; lastKnownFileType = sourcecode.swift; path = ShimmerLoadingView.swift; sourceTree = "<group>"; };
		30548B922D3BF2BA005E463E /* HomePagePlaceholder.swift */ = {isa = PBXFileReference; lastKnownFileType = sourcecode.swift; path = HomePagePlaceholder.swift; sourceTree = "<group>"; };
		30548F432D3D3CC3005E463E /* Error + EXT.swift */ = {isa = PBXFileReference; lastKnownFileType = sourcecode.swift; path = "Error + EXT.swift"; sourceTree = "<group>"; };
		30548F482D4661CE005E463E /* ImageModalView.swift */ = {isa = PBXFileReference; lastKnownFileType = sourcecode.swift; path = ImageModalView.swift; sourceTree = "<group>"; };
		30548F4E2D479BFC005E463E /* TMDB VIPERTests.xctest */ = {isa = PBXFileReference; explicitFileType = wrapper.cfbundle; includeInIndex = 0; path = "TMDB VIPERTests.xctest"; sourceTree = BUILT_PRODUCTS_DIR; };
		30548F5C2D479CE8005E463E /* HomePresenterTests.swift */ = {isa = PBXFileReference; lastKnownFileType = sourcecode.swift; path = HomePresenterTests.swift; sourceTree = "<group>"; };
		306F5EF12D19E163002E1583 /* DetailView.swift */ = {isa = PBXFileReference; lastKnownFileType = sourcecode.swift; path = DetailView.swift; sourceTree = "<group>"; };
		306F5EF52D19E1E9002E1583 /* DetailPresenter.swift */ = {isa = PBXFileReference; lastKnownFileType = sourcecode.swift; path = DetailPresenter.swift; sourceTree = "<group>"; };
		306F5EF72D19E276002E1583 /* DetailInteractor.swift */ = {isa = PBXFileReference; lastKnownFileType = sourcecode.swift; path = DetailInteractor.swift; sourceTree = "<group>"; };
		306F5EF92D19E2DE002E1583 /* DetailRouter.swift */ = {isa = PBXFileReference; lastKnownFileType = sourcecode.swift; path = DetailRouter.swift; sourceTree = "<group>"; };
		30A25A052D26B83A00C2C094 /* SearchCellView.swift */ = {isa = PBXFileReference; lastKnownFileType = sourcecode.swift; path = SearchCellView.swift; sourceTree = "<group>"; };
		30AF4FA02D16D68600DB54AF /* TMDB VIPER.app */ = {isa = PBXFileReference; explicitFileType = wrapper.application; includeInIndex = 0; path = "TMDB VIPER.app"; sourceTree = BUILT_PRODUCTS_DIR; };
		30C2EABC2D18A2C50058DA88 /* Preview Assets.xcassets */ = {isa = PBXFileReference; lastKnownFileType = folder.assetcatalog; path = "Preview Assets.xcassets"; sourceTree = "<group>"; };
		30C2EABE2D18A2C50058DA88 /* CoreInteractor.swift */ = {isa = PBXFileReference; lastKnownFileType = sourcecode.swift; path = CoreInteractor.swift; sourceTree = "<group>"; };
		30C2EABF2D18A2C50058DA88 /* DependancyContainer.swift */ = {isa = PBXFileReference; lastKnownFileType = sourcecode.swift; path = DependancyContainer.swift; sourceTree = "<group>"; };
		30C2EAC02D18A2C50058DA88 /* Dependencies.swift */ = {isa = PBXFileReference; lastKnownFileType = sourcecode.swift; path = Dependencies.swift; sourceTree = "<group>"; };
		30C2EAC22D18A2C50058DA88 /* MoviesService.swift */ = {isa = PBXFileReference; lastKnownFileType = sourcecode.swift; path = MoviesService.swift; sourceTree = "<group>"; };
		30C2EAC32D18A2C50058DA88 /* MovieServiceMock.swift */ = {isa = PBXFileReference; lastKnownFileType = sourcecode.swift; path = MovieServiceMock.swift; sourceTree = "<group>"; };
		30C2EAC42D18A2C50058DA88 /* MovieServiceProd.swift */ = {isa = PBXFileReference; lastKnownFileType = sourcecode.swift; path = MovieServiceProd.swift; sourceTree = "<group>"; };
		30C2EAC62D18A2C50058DA88 /* FavouriteMoviesRequest.swift */ = {isa = PBXFileReference; lastKnownFileType = sourcecode.swift; path = FavouriteMoviesRequest.swift; sourceTree = "<group>"; };
		30C2EAC72D18A2C50058DA88 /* GetMoviesRequest.swift */ = {isa = PBXFileReference; lastKnownFileType = sourcecode.swift; path = GetMoviesRequest.swift; sourceTree = "<group>"; };
		30C2EAC82D18A2C50058DA88 /* SearchMoviesRequest.swift */ = {isa = PBXFileReference; lastKnownFileType = sourcecode.swift; path = SearchMoviesRequest.swift; sourceTree = "<group>"; };
		30C2EACA2D18A2C50058DA88 /* NetworkError.swift */ = {isa = PBXFileReference; lastKnownFileType = sourcecode.swift; path = NetworkError.swift; sourceTree = "<group>"; };
		30C2EACB2D18A2C50058DA88 /* NetworkService.swift */ = {isa = PBXFileReference; lastKnownFileType = sourcecode.swift; path = NetworkService.swift; sourceTree = "<group>"; };
		30C2EACD2D18A2C50058DA88 /* DataEncoder.swift */ = {isa = PBXFileReference; lastKnownFileType = sourcecode.swift; path = DataEncoder.swift; sourceTree = "<group>"; };
		30C2EACE2D18A2C50058DA88 /* DataParserProtocol.swift */ = {isa = PBXFileReference; lastKnownFileType = sourcecode.swift; path = DataParserProtocol.swift; sourceTree = "<group>"; };
		30C2EAD02D18A2C50058DA88 /* HTTPMethod.swift */ = {isa = PBXFileReference; lastKnownFileType = sourcecode.swift; path = HTTPMethod.swift; sourceTree = "<group>"; };
		30C2EAD12D18A2C50058DA88 /* URLComponentsProtocol.swift */ = {isa = PBXFileReference; lastKnownFileType = sourcecode.swift; path = URLComponentsProtocol.swift; sourceTree = "<group>"; };
		30C2EAD32D18A2C50058DA88 /* URLSessionProtocol.swift */ = {isa = PBXFileReference; lastKnownFileType = sourcecode.swift; path = URLSessionProtocol.swift; sourceTree = "<group>"; };
		30C2EAD62D18A2C50058DA88 /* MovieManager.swift */ = {isa = PBXFileReference; lastKnownFileType = sourcecode.swift; path = MovieManager.swift; sourceTree = "<group>"; };
		30C2EAD72D18A2C50058DA88 /* NetworkManager.swift */ = {isa = PBXFileReference; lastKnownFileType = sourcecode.swift; path = NetworkManager.swift; sourceTree = "<group>"; };
		30C2EAD92D18A2C50058DA88 /* Assets.xcassets */ = {isa = PBXFileReference; lastKnownFileType = folder.assetcatalog; path = Assets.xcassets; sourceTree = "<group>"; };
		30C2EADB2D18A2C50058DA88 /* TMDB_VIPERApp.swift */ = {isa = PBXFileReference; lastKnownFileType = sourcecode.swift; path = TMDB_VIPERApp.swift; sourceTree = "<group>"; };
		30C2ECCC2D18AD910058DA88 /* CoreBuilder.swift */ = {isa = PBXFileReference; lastKnownFileType = sourcecode.swift; path = CoreBuilder.swift; sourceTree = "<group>"; };
		30C2ECCF2D18AE150058DA88 /* HomeView.swift */ = {isa = PBXFileReference; lastKnownFileType = sourcecode.swift; path = HomeView.swift; sourceTree = "<group>"; };
		30C2ECD22D18AF3C0058DA88 /* RootView.swift */ = {isa = PBXFileReference; lastKnownFileType = sourcecode.swift; path = RootView.swift; sourceTree = "<group>"; };
		30C2ECD52D18AF980058DA88 /* OnFirstAppearViewModifier.swift */ = {isa = PBXFileReference; lastKnownFileType = sourcecode.swift; path = OnFirstAppearViewModifier.swift; sourceTree = "<group>"; };
		30C2ECD72D18AFC40058DA88 /* AnyNotificationListenerViewModifier.swift */ = {isa = PBXFileReference; lastKnownFileType = sourcecode.swift; path = AnyNotificationListenerViewModifier.swift; sourceTree = "<group>"; };
		30C2ECD92D18B0F60058DA88 /* HomePresenter.swift */ = {isa = PBXFileReference; lastKnownFileType = sourcecode.swift; path = HomePresenter.swift; sourceTree = "<group>"; };
		30C2ECDB2D18B1350058DA88 /* HomeInteractor.swift */ = {isa = PBXFileReference; lastKnownFileType = sourcecode.swift; path = HomeInteractor.swift; sourceTree = "<group>"; };
		30C2ECDE2D18B2460058DA88 /* View+EXT Custom.swift */ = {isa = PBXFileReference; lastKnownFileType = sourcecode.swift; path = "View+EXT Custom.swift"; sourceTree = "<group>"; };
		30C2ECE02D18B3EB0058DA88 /* HomeRouter.swift */ = {isa = PBXFileReference; lastKnownFileType = sourcecode.swift; path = HomeRouter.swift; sourceTree = "<group>"; };
		30C2EDB32D18B8700058DA88 /* AlertViewModifer.swift */ = {isa = PBXFileReference; lastKnownFileType = sourcecode.swift; path = AlertViewModifer.swift; sourceTree = "<group>"; };
		30C2EDB42D18B8700058DA88 /* ModalViewModifier.swift */ = {isa = PBXFileReference; lastKnownFileType = sourcecode.swift; path = ModalViewModifier.swift; sourceTree = "<group>"; };
		30C2EDB52D18B8700058DA88 /* NavigationStackIfNeeded.swift */ = {isa = PBXFileReference; lastKnownFileType = sourcecode.swift; path = NavigationStackIfNeeded.swift; sourceTree = "<group>"; };
		30C2EDB62D18B8700058DA88 /* SheetViewModifier.swift */ = {isa = PBXFileReference; lastKnownFileType = sourcecode.swift; path = SheetViewModifier.swift; sourceTree = "<group>"; };
		30C2EDB82D18B8700058DA88 /* Router.swift */ = {isa = PBXFileReference; lastKnownFileType = sourcecode.swift; path = Router.swift; sourceTree = "<group>"; };
		30C2EDB92D18B8700058DA88 /* RouterView.swift */ = {isa = PBXFileReference; lastKnownFileType = sourcecode.swift; path = RouterView.swift; sourceTree = "<group>"; };
		30C2EDBB2D18B8700058DA88 /* Binding+EXT.swift */ = {isa = PBXFileReference; lastKnownFileType = sourcecode.swift; path = "Binding+EXT.swift"; sourceTree = "<group>"; };
		30C2EDBC2D18B8700058DA88 /* View+EXT.swift */ = {isa = PBXFileReference; lastKnownFileType = sourcecode.swift; path = "View+EXT.swift"; sourceTree = "<group>"; };
		30C2EDBE2D18B8700058DA88 /* AlertType.swift */ = {isa = PBXFileReference; lastKnownFileType = sourcecode.swift; path = AlertType.swift; sourceTree = "<group>"; };
		30C2EDBF2D18B8700058DA88 /* AnyAppAlert.swift */ = {isa = PBXFileReference; lastKnownFileType = sourcecode.swift; path = AnyAppAlert.swift; sourceTree = "<group>"; };
		30C2EDC02D18B8700058DA88 /* AnyDestination.swift */ = {isa = PBXFileReference; lastKnownFileType = sourcecode.swift; path = AnyDestination.swift; sourceTree = "<group>"; };
		30C2EDC12D18B8700058DA88 /* SegueOption.swift */ = {isa = PBXFileReference; lastKnownFileType = sourcecode.swift; path = SegueOption.swift; sourceTree = "<group>"; };
		30C2EDD02D18B9270058DA88 /* CoreRouter.swift */ = {isa = PBXFileReference; lastKnownFileType = sourcecode.swift; path = CoreRouter.swift; sourceTree = "<group>"; };
		30C2EDD22D18BCD00058DA88 /* AppDelegate.swift */ = {isa = PBXFileReference; lastKnownFileType = sourcecode.swift; path = AppDelegate.swift; sourceTree = "<group>"; };
		30C2EDD42D18C1E50058DA88 /* ButtonViewModifiers.swift */ = {isa = PBXFileReference; lastKnownFileType = sourcecode.swift; path = ButtonViewModifiers.swift; sourceTree = "<group>"; };
		30FD05E92D2947650039A66D /* TrailersModalView.swift */ = {isa = PBXFileReference; lastKnownFileType = sourcecode.swift; path = TrailersModalView.swift; sourceTree = "<group>"; };
		30FD09992D33C4A80039A66D /* LocalMoviePersistence.swift */ = {isa = PBXFileReference; lastKnownFileType = sourcecode.swift; path = LocalMoviePersistence.swift; sourceTree = "<group>"; };
		30FD09B22D33C62F0039A66D /* Movie.swift */ = {isa = PBXFileReference; lastKnownFileType = sourcecode.swift; path = Movie.swift; sourceTree = "<group>"; };
		30FD09B32D33C62F0039A66D /* MovieList.swift */ = {isa = PBXFileReference; lastKnownFileType = sourcecode.swift; path = MovieList.swift; sourceTree = "<group>"; };
		30FD09B42D33C62F0039A66D /* PostMovieToFavoritesRequest.swift */ = {isa = PBXFileReference; lastKnownFileType = sourcecode.swift; path = PostMovieToFavoritesRequest.swift; sourceTree = "<group>"; };
		30FD09B52D33C62F0039A66D /* PostMovieToFavoritesResponse.swift */ = {isa = PBXFileReference; lastKnownFileType = sourcecode.swift; path = PostMovieToFavoritesResponse.swift; sourceTree = "<group>"; };
		30FD09B62D33C62F0039A66D /* SingleMovie.swift */ = {isa = PBXFileReference; lastKnownFileType = sourcecode.swift; path = SingleMovie.swift; sourceTree = "<group>"; };
		30FD09BD2D33C6470039A66D /* SingleMovieEntity.swift */ = {isa = PBXFileReference; lastKnownFileType = sourcecode.swift; path = SingleMovieEntity.swift; sourceTree = "<group>"; };
		30FD09BF2D33CCF80039A66D /* SwiftDataFavoriteMoviesServiceProd.swift */ = {isa = PBXFileReference; lastKnownFileType = sourcecode.swift; path = SwiftDataFavoriteMoviesServiceProd.swift; sourceTree = "<group>"; };
		30FD09C12D33E59E0039A66D /* SwiftDataFavoriteMoviesServiceMock.swift */ = {isa = PBXFileReference; lastKnownFileType = sourcecode.swift; path = SwiftDataFavoriteMoviesServiceMock.swift; sourceTree = "<group>"; };
		30FD09C32D33E70D0039A66D /* FavoritesManager.swift */ = {isa = PBXFileReference; lastKnownFileType = sourcecode.swift; path = FavoritesManager.swift; sourceTree = "<group>"; };
/* End PBXFileReference section */

/* Begin PBXFrameworksBuildPhase section */
		30548F4B2D479BFC005E463E /* Frameworks */ = {
			isa = PBXFrameworksBuildPhase;
			buildActionMask = 2147483647;
			files = (
			);
			runOnlyForDeploymentPostprocessing = 0;
		};
		30AF4F9D2D16D68600DB54AF /* Frameworks */ = {
			isa = PBXFrameworksBuildPhase;
			buildActionMask = 2147483647;
			files = (
				30548D6C2D3D1285005E463E /* SwiftfulLogging in Frameworks */,
				300B97CC2D1975680073CDF9 /* SDWebImageSwiftUI in Frameworks */,
			);
			runOnlyForDeploymentPostprocessing = 0;
		};
/* End PBXFrameworksBuildPhase section */

/* Begin PBXGroup section */
		300B95F22D19703B0073CDF9 /* Analytics example */ = {
			isa = PBXGroup;
			children = (
				300B95F52D19707F0073CDF9 /* FeedPresenter.swift */,
				300B95F32D1970430073CDF9 /* FeedDelegate.swift */,
			);
			path = "Analytics example";
			sourceTree = "<group>";
		};
		300B97CD2D1975B00073CDF9 /* Components */ = {
			isa = PBXGroup;
			children = (
				300B97D32D19786C0073CDF9 /* Views */,
			);
			path = Components;
			sourceTree = "<group>";
		};
		300B97D02D1975F00073CDF9 /* Utilities */ = {
			isa = PBXGroup;
			children = (
				300B97D12D1975F40073CDF9 /* Constants.swift */,
			);
			path = Utilities;
			sourceTree = "<group>";
		};
		300B97D32D19786C0073CDF9 /* Views */ = {
			isa = PBXGroup;
			children = (
				300B97CE2D1975B70073CDF9 /* ImageLoaderView.swift */,
				300B97D42D1979D90073CDF9 /* MovieCellView.swift */,
				30A25A052D26B83A00C2C094 /* SearchCellView.swift */,
				30548B902D3BF297005E463E /* ShimmerLoadingView.swift */,
				30548B922D3BF2BA005E463E /* HomePagePlaceholder.swift */,
			);
			path = Views;
			sourceTree = "<group>";
		};
		3020D5E32D64B4A400C7E151 /* LocationService */ = {
			isa = PBXGroup;
			children = (
				3020D7C12D6787C000C7E151 /* LocationService.swift */,
				3020D5E62D64B60D00C7E151 /* LocationServiceProd.swift */,
				3020D7C92D6A2BE100C7E151 /* LocationServiceProd2.swift */,
				3020D7D52D6B9A0200C7E151 /* LocationServiceProd3.swift */,
				3020D7CB2D6A3A0800C7E151 /* LocationServiceMock2.swift */,
				3020D7D72D6BAAC700C7E151 /* LocationServiceMock3.swift */,
			);
			path = LocationService;
			sourceTree = "<group>";
		};
		3020D5E92D64D47500C7E151 /* TheatreLocationsView */ = {
			isa = PBXGroup;
			children = (
				3020D7CF2D6B5C7500C7E151 /* TheatreLocationsInteractor.swift */,
				3020D7D12D6B67E200C7E151 /* TheatreLocationsPresenter.swift */,
				3020D7D32D6B680B00C7E151 /* TheatreLocationsRouter.swift */,
				3020D7C72D67D66800C7E151 /* Test323.swift */,
				3020D5EA2D64D4A300C7E151 /* TheatreLocationsView1.swift */,
				3020D85D2D6BB94500C7E151 /* TheatreLocationsView.swift */,
			);
			path = TheatreLocationsView;
			sourceTree = "<group>";
		};
		3036F66B2D500D630063616B /* Mocks */ = {
			isa = PBXGroup;
			children = (
				3036F6662D500D630063616B /* DataParserMock.swift */,
				3036F6672D500D630063616B /* NetworkServiceMock.swift */,
				3036F6692D500D630063616B /* URLComponentsMock.swift */,
				3036F66A2D500D630063616B /* URLSessionMockService.swift */,
			);
			path = Mocks;
			sourceTree = "<group>";
		};
		3036F66C2D500D630063616B /* NetworkingTests */ = {
			isa = PBXGroup;
			children = (
				3036F66D2D500D630063616B /* NetworkServiceTests.swift */,
				3036F66B2D500D630063616B /* Mocks */,
			);
			path = NetworkingTests;
			sourceTree = "<group>";
		};
		305489B22D381D16005E463E /* Favorites View */ = {
			isa = PBXGroup;
			children = (
				305489B72D381D95005E463E /* FavoritesInteractor.swift */,
				305489B52D381D5D005E463E /* FavoritesPresenter.swift */,
				305489B92D381E15005E463E /* FavoritesRouter.swift */,
				305489B32D381D44005E463E /* FavoritesView.swift */,
			);
			path = "Favorites View";
			sourceTree = "<group>";
		};
		30548F452D46617B005E463E /* ImageModalView */ = {
			isa = PBXGroup;
			children = (
				30548F482D4661CE005E463E /* ImageModalView.swift */,
			);
			path = ImageModalView;
			sourceTree = "<group>";
		};
		30548F5A2D479C92005E463E /* TMDB VIPERTests */ = {
			isa = PBXGroup;
			children = (
				3036F66C2D500D630063616B /* NetworkingTests */,
				30548F5C2D479CE8005E463E /* HomePresenterTests.swift */,
				3036F6622D4FB3F70063616B /* ModelsTests.swift */,
				3036F6642D4FB7F60063616B /* DetailPresenterTests.swift */,
			);
			path = "TMDB VIPERTests";
			sourceTree = "<group>";
		};
		306F5EF02D19E14B002E1583 /* DetailView */ = {
			isa = PBXGroup;
			children = (
				306F5EF72D19E276002E1583 /* DetailInteractor.swift */,
				306F5EF52D19E1E9002E1583 /* DetailPresenter.swift */,
				306F5EF92D19E2DE002E1583 /* DetailRouter.swift */,
				306F5EF12D19E163002E1583 /* DetailView.swift */,
			);
			path = DetailView;
			sourceTree = "<group>";
		};
		30AF4F972D16D68600DB54AF = {
			isa = PBXGroup;
			children = (
				30C2EADC2D18A2C50058DA88 /* TMDB VIPER */,
				30AF4FA12D16D68600DB54AF /* Products */,
			);
			sourceTree = "<group>";
		};
		30AF4FA12D16D68600DB54AF /* Products */ = {
			isa = PBXGroup;
			children = (
				30AF4FA02D16D68600DB54AF /* TMDB VIPER.app */,
				30548F4E2D479BFC005E463E /* TMDB VIPERTests.xctest */,
			);
			name = Products;
			sourceTree = "<group>";
		};
		30C2EABD2D18A2C50058DA88 /* Preview Content */ = {
			isa = PBXGroup;
			children = (
				30C2EABC2D18A2C50058DA88 /* Preview Assets.xcassets */,
			);
			path = "Preview Content";
			sourceTree = "<group>";
		};
		30C2EAC12D18A2C50058DA88 /* Root */ = {
			isa = PBXGroup;
			children = (
				30C2EADB2D18A2C50058DA88 /* TMDB_VIPERApp.swift */,
				30C2EDD22D18BCD00058DA88 /* AppDelegate.swift */,
				30C2EDD02D18B9270058DA88 /* CoreRouter.swift */,
				30C2ECCC2D18AD910058DA88 /* CoreBuilder.swift */,
				30C2EABE2D18A2C50058DA88 /* CoreInteractor.swift */,
				30C2EAC02D18A2C50058DA88 /* Dependencies.swift */,
				30C2EABF2D18A2C50058DA88 /* DependancyContainer.swift */,
			);
			path = Root;
			sourceTree = "<group>";
		};
		30C2EAC52D18A2C50058DA88 /* Movies */ = {
			isa = PBXGroup;
			children = (
				30C2EAC22D18A2C50058DA88 /* MoviesService.swift */,
				30C2EAC32D18A2C50058DA88 /* MovieServiceMock.swift */,
				30C2EAC42D18A2C50058DA88 /* MovieServiceProd.swift */,
			);
			path = Movies;
			sourceTree = "<group>";
		};
		30C2EAC92D18A2C50058DA88 /* Individual HTTP Requests */ = {
			isa = PBXGroup;
			children = (
				30C2EAC72D18A2C50058DA88 /* GetMoviesRequest.swift */,
				30C2EAC62D18A2C50058DA88 /* FavouriteMoviesRequest.swift */,
				30C2EAC82D18A2C50058DA88 /* SearchMoviesRequest.swift */,
			);
			path = "Individual HTTP Requests";
			sourceTree = "<group>";
		};
		30C2EACC2D18A2C50058DA88 /* NetworkService */ = {
			isa = PBXGroup;
			children = (
				30C2EACA2D18A2C50058DA88 /* NetworkError.swift */,
				30C2EACB2D18A2C50058DA88 /* NetworkService.swift */,
			);
			path = NetworkService;
			sourceTree = "<group>";
		};
		30C2EACF2D18A2C50058DA88 /* Parsing Helpers */ = {
			isa = PBXGroup;
			children = (
				30C2EACD2D18A2C50058DA88 /* DataEncoder.swift */,
				30C2EACE2D18A2C50058DA88 /* DataParserProtocol.swift */,
			);
			path = "Parsing Helpers";
			sourceTree = "<group>";
		};
		30C2EAD22D18A2C50058DA88 /* URLComponentsService */ = {
			isa = PBXGroup;
			children = (
				30C2EAD02D18A2C50058DA88 /* HTTPMethod.swift */,
				30C2EAD12D18A2C50058DA88 /* URLComponentsProtocol.swift */,
			);
			path = URLComponentsService;
			sourceTree = "<group>";
		};
		30C2EAD42D18A2C50058DA88 /* URLSessionService */ = {
			isa = PBXGroup;
			children = (
				30C2EAD32D18A2C50058DA88 /* URLSessionProtocol.swift */,
			);
			path = URLSessionService;
			sourceTree = "<group>";
		};
		30C2EAD52D18A2C50058DA88 /* Network */ = {
			isa = PBXGroup;
			children = (
				30C2EAC92D18A2C50058DA88 /* Individual HTTP Requests */,
				30C2EACC2D18A2C50058DA88 /* NetworkService */,
				30C2EACF2D18A2C50058DA88 /* Parsing Helpers */,
				30C2EAD22D18A2C50058DA88 /* URLComponentsService */,
				30C2EAD42D18A2C50058DA88 /* URLSessionService */,
			);
			path = Network;
			sourceTree = "<group>";
		};
		30C2EAD82D18A2C50058DA88 /* Services */ = {
			isa = PBXGroup;
			children = (
				3020D5E32D64B4A400C7E151 /* LocationService */,
				30FD09982D33C4600039A66D /* FavoriteMovies */,
				30C2EAC52D18A2C50058DA88 /* Movies */,
				30C2EAD52D18A2C50058DA88 /* Network */,
				30C2EAD72D18A2C50058DA88 /* NetworkManager.swift */,
				30C2EAD62D18A2C50058DA88 /* MovieManager.swift */,
				30FD09C32D33E70D0039A66D /* FavoritesManager.swift */,
				3020D7C32D67899E00C7E151 /* LocationManager.swift */,
				3020D7CD2D6A3CB900C7E151 /* LocationManager3.swift */,
			);
			path = Services;
			sourceTree = "<group>";
		};
		30C2EADC2D18A2C50058DA88 /* TMDB VIPER */ = {
			isa = PBXGroup;
			children = (
				300B97D02D1975F00073CDF9 /* Utilities */,
				300B97CD2D1975B00073CDF9 /* Components */,
				300B95F22D19703B0073CDF9 /* Analytics example */,
				30C2ECDD2D18B23D0058DA88 /* Extensions */,
				30C2ECD42D18AF860058DA88 /* ViewModifiers */,
				30C2ECD12D18AF2C0058DA88 /* RootView */,
				30C2ECCE2D18AE010058DA88 /* HomeView */,
				305489B22D381D16005E463E /* Favorites View */,
				306F5EF02D19E14B002E1583 /* DetailView */,
				3020D5E92D64D47500C7E151 /* TheatreLocationsView */,
				30FD05E82D2947030039A66D /* TrailersModalView */,
				30548F452D46617B005E463E /* ImageModalView */,
				30FD09B72D33C62F0039A66D /* Models */,
				30C2EAC12D18A2C50058DA88 /* Root */,
				30C2EAD82D18A2C50058DA88 /* Services */,
				30C2EDC32D18B8700058DA88 /* Routing */,
				30C2EABD2D18A2C50058DA88 /* Preview Content */,
				30C2EAD92D18A2C50058DA88 /* Assets.xcassets */,
				30548F5A2D479C92005E463E /* TMDB VIPERTests */,
			);
			path = "TMDB VIPER";
			sourceTree = SOURCE_ROOT;
		};
		30C2ECCE2D18AE010058DA88 /* HomeView */ = {
			isa = PBXGroup;
			children = (
				30C2ECDB2D18B1350058DA88 /* HomeInteractor.swift */,
				30C2ECD92D18B0F60058DA88 /* HomePresenter.swift */,
				30C2ECE02D18B3EB0058DA88 /* HomeRouter.swift */,
				30C2ECCF2D18AE150058DA88 /* HomeView.swift */,
			);
			path = HomeView;
			sourceTree = "<group>";
		};
		30C2ECD12D18AF2C0058DA88 /* RootView */ = {
			isa = PBXGroup;
			children = (
				30C2ECD22D18AF3C0058DA88 /* RootView.swift */,
			);
			path = RootView;
			sourceTree = "<group>";
		};
		30C2ECD42D18AF860058DA88 /* ViewModifiers */ = {
			isa = PBXGroup;
			children = (
				30C2EDD42D18C1E50058DA88 /* ButtonViewModifiers.swift */,
				30C2ECD72D18AFC40058DA88 /* AnyNotificationListenerViewModifier.swift */,
				30C2ECD52D18AF980058DA88 /* OnFirstAppearViewModifier.swift */,
			);
			path = ViewModifiers;
			sourceTree = "<group>";
		};
		30C2ECDD2D18B23D0058DA88 /* Extensions */ = {
			isa = PBXGroup;
			children = (
				30C2ECDE2D18B2460058DA88 /* View+EXT Custom.swift */,
				30548F432D3D3CC3005E463E /* Error + EXT.swift */,
			);
			path = Extensions;
			sourceTree = "<group>";
		};
		30C2EDB72D18B8700058DA88 /* Components */ = {
			isa = PBXGroup;
			children = (
				30C2EDB32D18B8700058DA88 /* AlertViewModifer.swift */,
				30C2EDB42D18B8700058DA88 /* ModalViewModifier.swift */,
				30C2EDB52D18B8700058DA88 /* NavigationStackIfNeeded.swift */,
				30C2EDB62D18B8700058DA88 /* SheetViewModifier.swift */,
			);
			path = Components;
			sourceTree = "<group>";
		};
		30C2EDBA2D18B8700058DA88 /* Core */ = {
			isa = PBXGroup;
			children = (
				30C2EDB82D18B8700058DA88 /* Router.swift */,
				30C2EDB92D18B8700058DA88 /* RouterView.swift */,
			);
			path = Core;
			sourceTree = "<group>";
		};
		30C2EDBD2D18B8700058DA88 /* Extensions */ = {
			isa = PBXGroup;
			children = (
				30C2EDBB2D18B8700058DA88 /* Binding+EXT.swift */,
				30C2EDBC2D18B8700058DA88 /* View+EXT.swift */,
			);
			path = Extensions;
			sourceTree = "<group>";
		};
		30C2EDC22D18B8700058DA88 /* Models */ = {
			isa = PBXGroup;
			children = (
				30C2EDBE2D18B8700058DA88 /* AlertType.swift */,
				30C2EDBF2D18B8700058DA88 /* AnyAppAlert.swift */,
				30C2EDC02D18B8700058DA88 /* AnyDestination.swift */,
				30C2EDC12D18B8700058DA88 /* SegueOption.swift */,
			);
			path = Models;
			sourceTree = "<group>";
		};
		30C2EDC32D18B8700058DA88 /* Routing */ = {
			isa = PBXGroup;
			children = (
				30C2EDB72D18B8700058DA88 /* Components */,
				30C2EDBA2D18B8700058DA88 /* Core */,
				30C2EDBD2D18B8700058DA88 /* Extensions */,
				30C2EDC22D18B8700058DA88 /* Models */,
			);
			path = Routing;
			sourceTree = "<group>";
		};
		30FD05E82D2947030039A66D /* TrailersModalView */ = {
			isa = PBXGroup;
			children = (
				30FD05E92D2947650039A66D /* TrailersModalView.swift */,
			);
			path = TrailersModalView;
			sourceTree = "<group>";
		};
		30FD09982D33C4600039A66D /* FavoriteMovies */ = {
			isa = PBXGroup;
			children = (
				30FD09992D33C4A80039A66D /* LocalMoviePersistence.swift */,
				30FD09BF2D33CCF80039A66D /* SwiftDataFavoriteMoviesServiceProd.swift */,
				30FD09C12D33E59E0039A66D /* SwiftDataFavoriteMoviesServiceMock.swift */,
			);
			path = FavoriteMovies;
			sourceTree = "<group>";
		};
		30FD09B72D33C62F0039A66D /* Models */ = {
			isa = PBXGroup;
			children = (
				30FD09B22D33C62F0039A66D /* Movie.swift */,
				30FD09BD2D33C6470039A66D /* SingleMovieEntity.swift */,
				30FD09B32D33C62F0039A66D /* MovieList.swift */,
				30FD09B42D33C62F0039A66D /* PostMovieToFavoritesRequest.swift */,
				30FD09B52D33C62F0039A66D /* PostMovieToFavoritesResponse.swift */,
				30FD09B62D33C62F0039A66D /* SingleMovie.swift */,
			);
			path = Models;
			sourceTree = "<group>";
		};
/* End PBXGroup section */

/* Begin PBXNativeTarget section */
		30548F4D2D479BFC005E463E /* TMDB VIPERTests */ = {
			isa = PBXNativeTarget;
			buildConfigurationList = 30548F542D479BFC005E463E /* Build configuration list for PBXNativeTarget "TMDB VIPERTests" */;
			buildPhases = (
				30548F4A2D479BFC005E463E /* Sources */,
				30548F4B2D479BFC005E463E /* Frameworks */,
				30548F4C2D479BFC005E463E /* Resources */,
			);
			buildRules = (
			);
			dependencies = (
				30548F532D479BFC005E463E /* PBXTargetDependency */,
			);
			name = "TMDB VIPERTests";
			packageProductDependencies = (
			);
			productName = "TMDB VIPERTests";
			productReference = 30548F4E2D479BFC005E463E /* TMDB VIPERTests.xctest */;
			productType = "com.apple.product-type.bundle.unit-test";
		};
		30AF4F9F2D16D68600DB54AF /* TMDB VIPER */ = {
			isa = PBXNativeTarget;
			buildConfigurationList = 30AF4FAE2D16D68700DB54AF /* Build configuration list for PBXNativeTarget "TMDB VIPER" */;
			buildPhases = (
				30AF4F9C2D16D68600DB54AF /* Sources */,
				30AF4F9D2D16D68600DB54AF /* Frameworks */,
				30AF4F9E2D16D68600DB54AF /* Resources */,
			);
			buildRules = (
			);
			dependencies = (
			);
			name = "TMDB VIPER";
			packageProductDependencies = (
				300B97CB2D1975680073CDF9 /* SDWebImageSwiftUI */,
				30548D6B2D3D1285005E463E /* SwiftfulLogging */,
			);
			productName = "TMDB MVVM";
			productReference = 30AF4FA02D16D68600DB54AF /* TMDB VIPER.app */;
			productType = "com.apple.product-type.application";
		};
/* End PBXNativeTarget section */

/* Begin PBXProject section */
		30AF4F982D16D68600DB54AF /* Project object */ = {
			isa = PBXProject;
			attributes = {
				BuildIndependentTargetsInParallel = 1;
				LastSwiftUpdateCheck = 1620;
				LastUpgradeCheck = 1620;
				TargetAttributes = {
					30548F4D2D479BFC005E463E = {
						CreatedOnToolsVersion = 16.2;
						TestTargetID = 30AF4F9F2D16D68600DB54AF;
					};
					30AF4F9F2D16D68600DB54AF = {
						CreatedOnToolsVersion = 16.2;
					};
				};
			};
			buildConfigurationList = 30AF4F9B2D16D68600DB54AF /* Build configuration list for PBXProject "TMDB VIPER" */;
			developmentRegion = en;
			hasScannedForEncodings = 0;
			knownRegions = (
				en,
				Base,
			);
			mainGroup = 30AF4F972D16D68600DB54AF;
			minimizedProjectReferenceProxies = 1;
			packageReferences = (
				300B97CA2D1975680073CDF9 /* XCRemoteSwiftPackageReference "SDWebImageSwiftUI" */,
				30548D6A2D3D1285005E463E /* XCRemoteSwiftPackageReference "SwiftfulLogging" */,
			);
			preferredProjectObjectVersion = 77;
			productRefGroup = 30AF4FA12D16D68600DB54AF /* Products */;
			projectDirPath = "";
			projectRoot = "";
			targets = (
				30AF4F9F2D16D68600DB54AF /* TMDB VIPER */,
				30548F4D2D479BFC005E463E /* TMDB VIPERTests */,
			);
		};
/* End PBXProject section */

/* Begin PBXResourcesBuildPhase section */
		30548F4C2D479BFC005E463E /* Resources */ = {
			isa = PBXResourcesBuildPhase;
			buildActionMask = 2147483647;
			files = (
			);
			runOnlyForDeploymentPostprocessing = 0;
		};
		30AF4F9E2D16D68600DB54AF /* Resources */ = {
			isa = PBXResourcesBuildPhase;
			buildActionMask = 2147483647;
			files = (
				30C2EADD2D18A2C50058DA88 /* Preview Assets.xcassets in Resources */,
				30C2EADE2D18A2C50058DA88 /* Assets.xcassets in Resources */,
			);
			runOnlyForDeploymentPostprocessing = 0;
		};
/* End PBXResourcesBuildPhase section */

/* Begin PBXSourcesBuildPhase section */
		30548F4A2D479BFC005E463E /* Sources */ = {
			isa = PBXSourcesBuildPhase;
			buildActionMask = 2147483647;
			files = (
				30548F5D2D479CE8005E463E /* HomePresenterTests.swift in Sources */,
				3036F66E2D500D630063616B /* NetworkServiceMock.swift in Sources */,
				3036F66F2D500D630063616B /* DataParserMock.swift in Sources */,
				3036F6702D500D630063616B /* NetworkServiceTests.swift in Sources */,
				3036F6712D500D630063616B /* URLComponentsMock.swift in Sources */,
				3036F6722D500D630063616B /* URLSessionMockService.swift in Sources */,
				3036F6632D4FB3F70063616B /* ModelsTests.swift in Sources */,
				3036F6652D4FB7F60063616B /* DetailPresenterTests.swift in Sources */,
			);
			runOnlyForDeploymentPostprocessing = 0;
		};
		30AF4F9C2D16D68600DB54AF /* Sources */ = {
			isa = PBXSourcesBuildPhase;
			buildActionMask = 2147483647;
			files = (
				30FD05EA2D2947650039A66D /* TrailersModalView.swift in Sources */,
				30C2EADF2D18A2C50058DA88 /* MoviesService.swift in Sources */,
				3020D7C42D67899E00C7E151 /* LocationManager.swift in Sources */,
				30C2EAE02D18A2C50058DA88 /* NetworkManager.swift in Sources */,
				306F5EFA2D19E2DE002E1583 /* DetailRouter.swift in Sources */,
				3020D7D02D6B5C7500C7E151 /* TheatreLocationsInteractor.swift in Sources */,
				30C2ECDA2D18B0F60058DA88 /* HomePresenter.swift in Sources */,
				3020D7C22D6787C000C7E151 /* LocationService.swift in Sources */,
				3020D7CE2D6A3CB900C7E151 /* LocationManager3.swift in Sources */,
				30C2EAE22D18A2C50058DA88 /* DataParserProtocol.swift in Sources */,
				30C2ECDF2D18B2460058DA88 /* View+EXT Custom.swift in Sources */,
				30A25A062D26B83A00C2C094 /* SearchCellView.swift in Sources */,
				300B97D22D1975F40073CDF9 /* Constants.swift in Sources */,
				30C2EAE42D18A2C50058DA88 /* URLSessionProtocol.swift in Sources */,
				30C2EDC42D18B8700058DA88 /* AlertViewModifer.swift in Sources */,
				30C2EDC52D18B8700058DA88 /* ModalViewModifier.swift in Sources */,
				3020D7CA2D6A2BE100C7E151 /* LocationServiceProd2.swift in Sources */,
				3020D5E72D64B60D00C7E151 /* LocationServiceProd.swift in Sources */,
				300B95F62D19707F0073CDF9 /* FeedPresenter.swift in Sources */,
				30FD09BE2D33C6470039A66D /* SingleMovieEntity.swift in Sources */,
				305489B62D381D5D005E463E /* FavoritesPresenter.swift in Sources */,
				30FD09B82D33C62F0039A66D /* Movie.swift in Sources */,
				305489B42D381D44005E463E /* FavoritesView.swift in Sources */,
				30FD09B92D33C62F0039A66D /* MovieList.swift in Sources */,
				30FD09BA2D33C62F0039A66D /* PostMovieToFavoritesRequest.swift in Sources */,
				30FD09BB2D33C62F0039A66D /* PostMovieToFavoritesResponse.swift in Sources */,
				30FD09BC2D33C62F0039A66D /* SingleMovie.swift in Sources */,
				30C2EDC62D18B8700058DA88 /* NavigationStackIfNeeded.swift in Sources */,
				3020D7C82D67D66800C7E151 /* Test323.swift in Sources */,
				30C2EDC72D18B8700058DA88 /* SheetViewModifier.swift in Sources */,
				30C2EDD32D18BCD00058DA88 /* AppDelegate.swift in Sources */,
				3020D7D62D6B9A0200C7E151 /* LocationServiceProd3.swift in Sources */,
				30C2EDC82D18B8700058DA88 /* Router.swift in Sources */,
				300B97CF2D1975B70073CDF9 /* ImageLoaderView.swift in Sources */,
				30C2EDC92D18B8700058DA88 /* RouterView.swift in Sources */,
				30C2EDCA2D18B8700058DA88 /* Binding+EXT.swift in Sources */,
				30FD099A2D33C4A80039A66D /* LocalMoviePersistence.swift in Sources */,
				306F5EF62D19E1E9002E1583 /* DetailPresenter.swift in Sources */,
				30FD09C22D33E59E0039A66D /* SwiftDataFavoriteMoviesServiceMock.swift in Sources */,
				306F5EF22D19E163002E1583 /* DetailView.swift in Sources */,
				3020D5EB2D64D4A300C7E151 /* TheatreLocationsView1.swift in Sources */,
				30548B912D3BF297005E463E /* ShimmerLoadingView.swift in Sources */,
				30C2EDCB2D18B8700058DA88 /* View+EXT.swift in Sources */,
				30FD09C42D33E70D0039A66D /* FavoritesManager.swift in Sources */,
				30C2EDCC2D18B8700058DA88 /* AlertType.swift in Sources */,
				30548F442D3D3CC3005E463E /* Error + EXT.swift in Sources */,
				3020D7D42D6B680B00C7E151 /* TheatreLocationsRouter.swift in Sources */,
				30C2EDD12D18B9270058DA88 /* CoreRouter.swift in Sources */,
				30C2EDCD2D18B8700058DA88 /* AnyAppAlert.swift in Sources */,
				30C2EDCE2D18B8700058DA88 /* AnyDestination.swift in Sources */,
				30C2EDCF2D18B8700058DA88 /* SegueOption.swift in Sources */,
				3020D7D82D6BAAC700C7E151 /* LocationServiceMock3.swift in Sources */,
				305489B82D381D95005E463E /* FavoritesInteractor.swift in Sources */,
				3020D85E2D6BB94500C7E151 /* TheatreLocationsView.swift in Sources */,
				3020D7CC2D6A3A0800C7E151 /* LocationServiceMock2.swift in Sources */,
				30548B932D3BF2BA005E463E /* HomePagePlaceholder.swift in Sources */,
				30C2ECD82D18AFC40058DA88 /* AnyNotificationListenerViewModifier.swift in Sources */,
				300B95F42D1970430073CDF9 /* FeedDelegate.swift in Sources */,
				30C2ECE12D18B3EB0058DA88 /* HomeRouter.swift in Sources */,
				30C2EAE62D18A2C50058DA88 /* GetMoviesRequest.swift in Sources */,
				30C2ECDC2D18B1350058DA88 /* HomeInteractor.swift in Sources */,
				30C2EAE82D18A2C50058DA88 /* DataEncoder.swift in Sources */,
				30C2EAEA2D18A2C50058DA88 /* TMDB_VIPERApp.swift in Sources */,
				30548F492D4661CE005E463E /* ImageModalView.swift in Sources */,
				30C2ECCD2D18AD910058DA88 /* CoreBuilder.swift in Sources */,
				305489BA2D381E15005E463E /* FavoritesRouter.swift in Sources */,
				30C2EAEB2D18A2C50058DA88 /* MovieServiceMock.swift in Sources */,
				30FD09C02D33CCF80039A66D /* SwiftDataFavoriteMoviesServiceProd.swift in Sources */,
				30C2EAEC2D18A2C50058DA88 /* NetworkError.swift in Sources */,
				306F5EF82D19E276002E1583 /* DetailInteractor.swift in Sources */,
				30C2ECD32D18AF3C0058DA88 /* RootView.swift in Sources */,
				30C2EAED2D18A2C50058DA88 /* HTTPMethod.swift in Sources */,
				30C2ECD02D18AE150058DA88 /* HomeView.swift in Sources */,
				30C2EAEE2D18A2C50058DA88 /* URLComponentsProtocol.swift in Sources */,
				30C2EAF02D18A2C50058DA88 /* Dependencies.swift in Sources */,
				30C2EAF12D18A2C50058DA88 /* CoreInteractor.swift in Sources */,
				30C2EAF22D18A2C50058DA88 /* MovieManager.swift in Sources */,
				30C2ECD62D18AF980058DA88 /* OnFirstAppearViewModifier.swift in Sources */,
				300B97D52D1979D90073CDF9 /* MovieCellView.swift in Sources */,
				3020D7D22D6B67E200C7E151 /* TheatreLocationsPresenter.swift in Sources */,
				30C2EDD52D18C1E50058DA88 /* ButtonViewModifiers.swift in Sources */,
				30C2EAF32D18A2C50058DA88 /* MovieServiceProd.swift in Sources */,
				30C2EAF42D18A2C50058DA88 /* NetworkService.swift in Sources */,
				30C2EAF52D18A2C50058DA88 /* DependancyContainer.swift in Sources */,
				30C2EAF62D18A2C50058DA88 /* SearchMoviesRequest.swift in Sources */,
				30C2EAF72D18A2C50058DA88 /* FavouriteMoviesRequest.swift in Sources */,
			);
			runOnlyForDeploymentPostprocessing = 0;
		};
/* End PBXSourcesBuildPhase section */

/* Begin PBXTargetDependency section */
		30548F532D479BFC005E463E /* PBXTargetDependency */ = {
			isa = PBXTargetDependency;
			target = 30AF4F9F2D16D68600DB54AF /* TMDB VIPER */;
			targetProxy = 30548F522D479BFC005E463E /* PBXContainerItemProxy */;
		};
/* End PBXTargetDependency section */

/* Begin XCBuildConfiguration section */
		30548F552D479BFC005E463E /* Debug */ = {
			isa = XCBuildConfiguration;
			buildSettings = {
				BUNDLE_LOADER = "$(TEST_HOST)";
				CODE_SIGN_STYLE = Automatic;
				CURRENT_PROJECT_VERSION = 1;
				DEVELOPMENT_TEAM = FQWAP959Y3;
				GENERATE_INFOPLIST_FILE = YES;
				INFOPLIST_KEY_LSApplicationCategoryType = "";
				MARKETING_VERSION = 1.0;
				PRODUCT_BUNDLE_IDENTIFIER = "onflyer.com.TMDB-VIPERTests";
				PRODUCT_NAME = "$(TARGET_NAME)";
				SWIFT_EMIT_LOC_STRINGS = NO;
				SWIFT_VERSION = 5.0;
				TARGETED_DEVICE_FAMILY = "1,2";
				TEST_HOST = "$(BUILT_PRODUCTS_DIR)/TMDB VIPER.app/$(BUNDLE_EXECUTABLE_FOLDER_PATH)/TMDB VIPER";
			};
			name = Debug;
		};
		30548F562D479BFC005E463E /* Release */ = {
			isa = XCBuildConfiguration;
			buildSettings = {
				BUNDLE_LOADER = "$(TEST_HOST)";
				CODE_SIGN_STYLE = Automatic;
				CURRENT_PROJECT_VERSION = 1;
				DEVELOPMENT_TEAM = FQWAP959Y3;
				GENERATE_INFOPLIST_FILE = YES;
				INFOPLIST_KEY_LSApplicationCategoryType = "";
				MARKETING_VERSION = 1.0;
				PRODUCT_BUNDLE_IDENTIFIER = "onflyer.com.TMDB-VIPERTests";
				PRODUCT_NAME = "$(TARGET_NAME)";
				SWIFT_EMIT_LOC_STRINGS = NO;
				SWIFT_VERSION = 5.0;
				TARGETED_DEVICE_FAMILY = "1,2";
				TEST_HOST = "$(BUILT_PRODUCTS_DIR)/TMDB VIPER.app/$(BUNDLE_EXECUTABLE_FOLDER_PATH)/TMDB VIPER";
			};
			name = Release;
		};
		30AF4FAC2D16D68700DB54AF /* Debug */ = {
			isa = XCBuildConfiguration;
			buildSettings = {
				ALWAYS_SEARCH_USER_PATHS = NO;
				ASSETCATALOG_COMPILER_GENERATE_SWIFT_ASSET_SYMBOL_EXTENSIONS = YES;
				CLANG_ANALYZER_NONNULL = YES;
				CLANG_ANALYZER_NUMBER_OBJECT_CONVERSION = YES_AGGRESSIVE;
				CLANG_CXX_LANGUAGE_STANDARD = "gnu++20";
				CLANG_ENABLE_MODULES = YES;
				CLANG_ENABLE_OBJC_ARC = YES;
				CLANG_ENABLE_OBJC_WEAK = YES;
				CLANG_WARN_BLOCK_CAPTURE_AUTORELEASING = YES;
				CLANG_WARN_BOOL_CONVERSION = YES;
				CLANG_WARN_COMMA = YES;
				CLANG_WARN_CONSTANT_CONVERSION = YES;
				CLANG_WARN_DEPRECATED_OBJC_IMPLEMENTATIONS = YES;
				CLANG_WARN_DIRECT_OBJC_ISA_USAGE = YES_ERROR;
				CLANG_WARN_DOCUMENTATION_COMMENTS = YES;
				CLANG_WARN_EMPTY_BODY = YES;
				CLANG_WARN_ENUM_CONVERSION = YES;
				CLANG_WARN_INFINITE_RECURSION = YES;
				CLANG_WARN_INT_CONVERSION = YES;
				CLANG_WARN_NON_LITERAL_NULL_CONVERSION = YES;
				CLANG_WARN_OBJC_IMPLICIT_RETAIN_SELF = YES;
				CLANG_WARN_OBJC_LITERAL_CONVERSION = YES;
				CLANG_WARN_OBJC_ROOT_CLASS = YES_ERROR;
				CLANG_WARN_QUOTED_INCLUDE_IN_FRAMEWORK_HEADER = YES;
				CLANG_WARN_RANGE_LOOP_ANALYSIS = YES;
				CLANG_WARN_STRICT_PROTOTYPES = YES;
				CLANG_WARN_SUSPICIOUS_MOVE = YES;
				CLANG_WARN_UNGUARDED_AVAILABILITY = YES_AGGRESSIVE;
				CLANG_WARN_UNREACHABLE_CODE = YES;
				CLANG_WARN__DUPLICATE_METHOD_MATCH = YES;
				COPY_PHASE_STRIP = NO;
				DEBUG_INFORMATION_FORMAT = dwarf;
				ENABLE_STRICT_OBJC_MSGSEND = YES;
				ENABLE_TESTABILITY = YES;
				ENABLE_USER_SCRIPT_SANDBOXING = YES;
				GCC_C_LANGUAGE_STANDARD = gnu17;
				GCC_DYNAMIC_NO_PIC = NO;
				GCC_NO_COMMON_BLOCKS = YES;
				GCC_OPTIMIZATION_LEVEL = 0;
				GCC_PREPROCESSOR_DEFINITIONS = (
					"DEBUG=1",
					"$(inherited)",
				);
				GCC_WARN_64_TO_32_BIT_CONVERSION = YES;
				GCC_WARN_ABOUT_RETURN_TYPE = YES_ERROR;
				GCC_WARN_UNDECLARED_SELECTOR = YES;
				GCC_WARN_UNINITIALIZED_AUTOS = YES_AGGRESSIVE;
				GCC_WARN_UNUSED_FUNCTION = YES;
				GCC_WARN_UNUSED_VARIABLE = YES;
				IPHONEOS_DEPLOYMENT_TARGET = 18.2;
				LOCALIZATION_PREFERS_STRING_CATALOGS = YES;
				MTL_ENABLE_DEBUG_INFO = INCLUDE_SOURCE;
				MTL_FAST_MATH = YES;
				ONLY_ACTIVE_ARCH = YES;
				SDKROOT = iphoneos;
				SWIFT_ACTIVE_COMPILATION_CONDITIONS = "DEBUG $(inherited)";
				SWIFT_OPTIMIZATION_LEVEL = "-Onone";
			};
			name = Debug;
		};
		30AF4FAD2D16D68700DB54AF /* Release */ = {
			isa = XCBuildConfiguration;
			buildSettings = {
				ALWAYS_SEARCH_USER_PATHS = NO;
				ASSETCATALOG_COMPILER_GENERATE_SWIFT_ASSET_SYMBOL_EXTENSIONS = YES;
				CLANG_ANALYZER_NONNULL = YES;
				CLANG_ANALYZER_NUMBER_OBJECT_CONVERSION = YES_AGGRESSIVE;
				CLANG_CXX_LANGUAGE_STANDARD = "gnu++20";
				CLANG_ENABLE_MODULES = YES;
				CLANG_ENABLE_OBJC_ARC = YES;
				CLANG_ENABLE_OBJC_WEAK = YES;
				CLANG_WARN_BLOCK_CAPTURE_AUTORELEASING = YES;
				CLANG_WARN_BOOL_CONVERSION = YES;
				CLANG_WARN_COMMA = YES;
				CLANG_WARN_CONSTANT_CONVERSION = YES;
				CLANG_WARN_DEPRECATED_OBJC_IMPLEMENTATIONS = YES;
				CLANG_WARN_DIRECT_OBJC_ISA_USAGE = YES_ERROR;
				CLANG_WARN_DOCUMENTATION_COMMENTS = YES;
				CLANG_WARN_EMPTY_BODY = YES;
				CLANG_WARN_ENUM_CONVERSION = YES;
				CLANG_WARN_INFINITE_RECURSION = YES;
				CLANG_WARN_INT_CONVERSION = YES;
				CLANG_WARN_NON_LITERAL_NULL_CONVERSION = YES;
				CLANG_WARN_OBJC_IMPLICIT_RETAIN_SELF = YES;
				CLANG_WARN_OBJC_LITERAL_CONVERSION = YES;
				CLANG_WARN_OBJC_ROOT_CLASS = YES_ERROR;
				CLANG_WARN_QUOTED_INCLUDE_IN_FRAMEWORK_HEADER = YES;
				CLANG_WARN_RANGE_LOOP_ANALYSIS = YES;
				CLANG_WARN_STRICT_PROTOTYPES = YES;
				CLANG_WARN_SUSPICIOUS_MOVE = YES;
				CLANG_WARN_UNGUARDED_AVAILABILITY = YES_AGGRESSIVE;
				CLANG_WARN_UNREACHABLE_CODE = YES;
				CLANG_WARN__DUPLICATE_METHOD_MATCH = YES;
				COPY_PHASE_STRIP = NO;
				DEBUG_INFORMATION_FORMAT = "dwarf-with-dsym";
				ENABLE_NS_ASSERTIONS = NO;
				ENABLE_STRICT_OBJC_MSGSEND = YES;
				ENABLE_USER_SCRIPT_SANDBOXING = YES;
				GCC_C_LANGUAGE_STANDARD = gnu17;
				GCC_NO_COMMON_BLOCKS = YES;
				GCC_WARN_64_TO_32_BIT_CONVERSION = YES;
				GCC_WARN_ABOUT_RETURN_TYPE = YES_ERROR;
				GCC_WARN_UNDECLARED_SELECTOR = YES;
				GCC_WARN_UNINITIALIZED_AUTOS = YES_AGGRESSIVE;
				GCC_WARN_UNUSED_FUNCTION = YES;
				GCC_WARN_UNUSED_VARIABLE = YES;
				IPHONEOS_DEPLOYMENT_TARGET = 18.2;
				LOCALIZATION_PREFERS_STRING_CATALOGS = YES;
				MTL_ENABLE_DEBUG_INFO = NO;
				MTL_FAST_MATH = YES;
				SDKROOT = iphoneos;
				SWIFT_COMPILATION_MODE = wholemodule;
				VALIDATE_PRODUCT = YES;
			};
			name = Release;
		};
		30AF4FAF2D16D68700DB54AF /* Debug */ = {
			isa = XCBuildConfiguration;
			buildSettings = {
				ASSETCATALOG_COMPILER_APPICON_NAME = AppIcon;
				ASSETCATALOG_COMPILER_GLOBAL_ACCENT_COLOR_NAME = AccentColor;
				CODE_SIGN_STYLE = Automatic;
				CURRENT_PROJECT_VERSION = 1;
				DEVELOPMENT_ASSET_PATHS = "";
				DEVELOPMENT_TEAM = FQWAP959Y3;
				ENABLE_PREVIEWS = YES;
				GENERATE_INFOPLIST_FILE = YES;
				INFOPLIST_KEY_NSLocationWhenInUseUsageDescription = "We need to provice location for the functionality of the app";
				INFOPLIST_KEY_UIApplicationSceneManifest_Generation = YES;
				INFOPLIST_KEY_UIApplicationSupportsIndirectInputEvents = YES;
				INFOPLIST_KEY_UILaunchScreen_Generation = YES;
				INFOPLIST_KEY_UISupportedInterfaceOrientations_iPad = "UIInterfaceOrientationPortrait UIInterfaceOrientationPortraitUpsideDown UIInterfaceOrientationLandscapeLeft UIInterfaceOrientationLandscapeRight";
				INFOPLIST_KEY_UISupportedInterfaceOrientations_iPhone = "UIInterfaceOrientationPortrait UIInterfaceOrientationLandscapeLeft UIInterfaceOrientationLandscapeRight";
				IPHONEOS_DEPLOYMENT_TARGET = 17.6;
				LD_RUNPATH_SEARCH_PATHS = (
					"$(inherited)",
					"@executable_path/Frameworks",
				);
				MARKETING_VERSION = 1.0;
				PRODUCT_BUNDLE_IDENTIFIER = "onflyer.com.TMDB-VIPER";
				PRODUCT_NAME = "$(TARGET_NAME)";
				SWIFT_EMIT_LOC_STRINGS = YES;
				SWIFT_VERSION = 5.0;
				TARGETED_DEVICE_FAMILY = "1,2";
			};
			name = Debug;
		};
		30AF4FB02D16D68700DB54AF /* Release */ = {
			isa = XCBuildConfiguration;
			buildSettings = {
				ASSETCATALOG_COMPILER_APPICON_NAME = AppIcon;
				ASSETCATALOG_COMPILER_GLOBAL_ACCENT_COLOR_NAME = AccentColor;
				CODE_SIGN_STYLE = Automatic;
				CURRENT_PROJECT_VERSION = 1;
				DEVELOPMENT_ASSET_PATHS = "";
				DEVELOPMENT_TEAM = FQWAP959Y3;
				ENABLE_PREVIEWS = YES;
				GENERATE_INFOPLIST_FILE = YES;
				INFOPLIST_KEY_NSLocationWhenInUseUsageDescription = "We need to provice location for the functionality of the app";
				INFOPLIST_KEY_UIApplicationSceneManifest_Generation = YES;
				INFOPLIST_KEY_UIApplicationSupportsIndirectInputEvents = YES;
				INFOPLIST_KEY_UILaunchScreen_Generation = YES;
				INFOPLIST_KEY_UISupportedInterfaceOrientations_iPad = "UIInterfaceOrientationPortrait UIInterfaceOrientationPortraitUpsideDown UIInterfaceOrientationLandscapeLeft UIInterfaceOrientationLandscapeRight";
				INFOPLIST_KEY_UISupportedInterfaceOrientations_iPhone = "UIInterfaceOrientationPortrait UIInterfaceOrientationLandscapeLeft UIInterfaceOrientationLandscapeRight";
				IPHONEOS_DEPLOYMENT_TARGET = 17.6;
				LD_RUNPATH_SEARCH_PATHS = (
					"$(inherited)",
					"@executable_path/Frameworks",
				);
				MARKETING_VERSION = 1.0;
				PRODUCT_BUNDLE_IDENTIFIER = "onflyer.com.TMDB-VIPER";
				PRODUCT_NAME = "$(TARGET_NAME)";
				SWIFT_EMIT_LOC_STRINGS = YES;
				SWIFT_VERSION = 5.0;
				TARGETED_DEVICE_FAMILY = "1,2";
			};
			name = Release;
		};
/* End XCBuildConfiguration section */

/* Begin XCConfigurationList section */
		30548F542D479BFC005E463E /* Build configuration list for PBXNativeTarget "TMDB VIPERTests" */ = {
			isa = XCConfigurationList;
			buildConfigurations = (
				30548F552D479BFC005E463E /* Debug */,
				30548F562D479BFC005E463E /* Release */,
			);
			defaultConfigurationIsVisible = 0;
			defaultConfigurationName = Release;
		};
		30AF4F9B2D16D68600DB54AF /* Build configuration list for PBXProject "TMDB VIPER" */ = {
			isa = XCConfigurationList;
			buildConfigurations = (
				30AF4FAC2D16D68700DB54AF /* Debug */,
				30AF4FAD2D16D68700DB54AF /* Release */,
			);
			defaultConfigurationIsVisible = 0;
			defaultConfigurationName = Release;
		};
		30AF4FAE2D16D68700DB54AF /* Build configuration list for PBXNativeTarget "TMDB VIPER" */ = {
			isa = XCConfigurationList;
			buildConfigurations = (
				30AF4FAF2D16D68700DB54AF /* Debug */,
				30AF4FB02D16D68700DB54AF /* Release */,
			);
			defaultConfigurationIsVisible = 0;
			defaultConfigurationName = Release;
		};
/* End XCConfigurationList section */

/* Begin XCRemoteSwiftPackageReference section */
		300B97CA2D1975680073CDF9 /* XCRemoteSwiftPackageReference "SDWebImageSwiftUI" */ = {
			isa = XCRemoteSwiftPackageReference;
			repositoryURL = "https://github.com/SDWebImage/SDWebImageSwiftUI";
			requirement = {
				kind = upToNextMajorVersion;
				minimumVersion = 3.1.3;
			};
		};
		30548D6A2D3D1285005E463E /* XCRemoteSwiftPackageReference "SwiftfulLogging" */ = {
			isa = XCRemoteSwiftPackageReference;
			repositoryURL = "https://github.com/SwiftfulThinking/SwiftfulLogging";
			requirement = {
				kind = upToNextMajorVersion;
				minimumVersion = 1.1.2;
			};
		};
/* End XCRemoteSwiftPackageReference section */

/* Begin XCSwiftPackageProductDependency section */
		300B97CB2D1975680073CDF9 /* SDWebImageSwiftUI */ = {
			isa = XCSwiftPackageProductDependency;
			package = 300B97CA2D1975680073CDF9 /* XCRemoteSwiftPackageReference "SDWebImageSwiftUI" */;
			productName = SDWebImageSwiftUI;
		};
		30548D6B2D3D1285005E463E /* SwiftfulLogging */ = {
			isa = XCSwiftPackageProductDependency;
			package = 30548D6A2D3D1285005E463E /* XCRemoteSwiftPackageReference "SwiftfulLogging" */;
			productName = SwiftfulLogging;
		};
/* End XCSwiftPackageProductDependency section */
	};
	rootObject = 30AF4F982D16D68600DB54AF /* Project object */;
}
