// !$*UTF8*$!
{
	archiveVersion = 1;
	classes = {
	};
	objectVersion = 77;
	objects = {

/* Begin PBXBuildFile section */
		30C2EADD2D18A2C50058DA88 /* Preview Assets.xcassets in Resources */ = {isa = PBXBuildFile; fileRef = 30C2EABC2D18A2C50058DA88 /* Preview Assets.xcassets */; };
		30C2EADE2D18A2C50058DA88 /* Assets.xcassets in Resources */ = {isa = PBXBuildFile; fileRef = 30C2EAD92D18A2C50058DA88 /* Assets.xcassets */; };
		30C2EADF2D18A2C50058DA88 /* MovieService.swift in Sources */ = {isa = PBXBuildFile; fileRef = 30C2EAC22D18A2C50058DA88 /* MovieService.swift */; };
		30C2EAE02D18A2C50058DA88 /* NetworkManager.swift in Sources */ = {isa = PBXBuildFile; fileRef = 30C2EAD72D18A2C50058DA88 /* NetworkManager.swift */; };
		30C2EAE12D18A2C50058DA88 /* SingleMovie.swift in Sources */ = {isa = PBXBuildFile; fileRef = 30C2EABA2D18A2C50058DA88 /* SingleMovie.swift */; };
		30C2EAE22D18A2C50058DA88 /* DataParserProtocol.swift in Sources */ = {isa = PBXBuildFile; fileRef = 30C2EACE2D18A2C50058DA88 /* DataParserProtocol.swift */; };
		30C2EAE32D18A2C50058DA88 /* Movie.swift in Sources */ = {isa = PBXBuildFile; fileRef = 30C2EAB62D18A2C50058DA88 /* Movie.swift */; };
		30C2EAE42D18A2C50058DA88 /* URLSessionProtocol.swift in Sources */ = {isa = PBXBuildFile; fileRef = 30C2EAD32D18A2C50058DA88 /* URLSessionProtocol.swift */; };
		30C2EAE52D18A2C50058DA88 /* PostMovieToFavoritesRequest.swift in Sources */ = {isa = PBXBuildFile; fileRef = 30C2EAB82D18A2C50058DA88 /* PostMovieToFavoritesRequest.swift */; };
		30C2EAE62D18A2C50058DA88 /* Example 2.swift in Sources */ = {isa = PBXBuildFile; fileRef = 30C2EAC72D18A2C50058DA88 /* Example 2.swift */; };
		30C2EAE82D18A2C50058DA88 /* DataEncoder.swift in Sources */ = {isa = PBXBuildFile; fileRef = 30C2EACD2D18A2C50058DA88 /* DataEncoder.swift */; };
		30C2EAE92D18A2C50058DA88 /* MovieList.swift in Sources */ = {isa = PBXBuildFile; fileRef = 30C2EAB72D18A2C50058DA88 /* MovieList.swift */; };
		30C2EAEA2D18A2C50058DA88 /* TMDB_VIPERApp.swift in Sources */ = {isa = PBXBuildFile; fileRef = 30C2EADB2D18A2C50058DA88 /* TMDB_VIPERApp.swift */; };
		30C2EAEB2D18A2C50058DA88 /* MovieServiceMock.swift in Sources */ = {isa = PBXBuildFile; fileRef = 30C2EAC32D18A2C50058DA88 /* MovieServiceMock.swift */; };
		30C2EAEC2D18A2C50058DA88 /* NetworkError.swift in Sources */ = {isa = PBXBuildFile; fileRef = 30C2EACA2D18A2C50058DA88 /* NetworkError.swift */; };
		30C2EAED2D18A2C50058DA88 /* HTTPMethod.swift in Sources */ = {isa = PBXBuildFile; fileRef = 30C2EAD02D18A2C50058DA88 /* HTTPMethod.swift */; };
		30C2EAEE2D18A2C50058DA88 /* URLComponentsProtocol.swift in Sources */ = {isa = PBXBuildFile; fileRef = 30C2EAD12D18A2C50058DA88 /* URLComponentsProtocol.swift */; };
		30C2EAEF2D18A2C50058DA88 /* PostMovieToFavoritesResponse.swift in Sources */ = {isa = PBXBuildFile; fileRef = 30C2EAB92D18A2C50058DA88 /* PostMovieToFavoritesResponse.swift */; };
		30C2EAF02D18A2C50058DA88 /* Dependencies.swift in Sources */ = {isa = PBXBuildFile; fileRef = 30C2EAC02D18A2C50058DA88 /* Dependencies.swift */; };
		30C2EAF12D18A2C50058DA88 /* CoreInteractor.swift in Sources */ = {isa = PBXBuildFile; fileRef = 30C2EABE2D18A2C50058DA88 /* CoreInteractor.swift */; };
		30C2EAF22D18A2C50058DA88 /* MovieManager.swift in Sources */ = {isa = PBXBuildFile; fileRef = 30C2EAD62D18A2C50058DA88 /* MovieManager.swift */; };
		30C2EAF32D18A2C50058DA88 /* MovieServiceProd.swift in Sources */ = {isa = PBXBuildFile; fileRef = 30C2EAC42D18A2C50058DA88 /* MovieServiceProd.swift */; };
		30C2EAF42D18A2C50058DA88 /* NetworkService.swift in Sources */ = {isa = PBXBuildFile; fileRef = 30C2EACB2D18A2C50058DA88 /* NetworkService.swift */; };
		30C2EAF52D18A2C50058DA88 /* DependancyContainer.swift in Sources */ = {isa = PBXBuildFile; fileRef = 30C2EABF2D18A2C50058DA88 /* DependancyContainer.swift */; };
		30C2EAF62D18A2C50058DA88 /* Example 3.swift in Sources */ = {isa = PBXBuildFile; fileRef = 30C2EAC82D18A2C50058DA88 /* Example 3.swift */; };
		30C2EAF72D18A2C50058DA88 /* Example 1.swift in Sources */ = {isa = PBXBuildFile; fileRef = 30C2EAC62D18A2C50058DA88 /* Example 1.swift */; };
		30C2ECCD2D18AD910058DA88 /* CoreBuilder.swift in Sources */ = {isa = PBXBuildFile; fileRef = 30C2ECCC2D18AD910058DA88 /* CoreBuilder.swift */; };
		30C2ECD02D18AE150058DA88 /* HomeView.swift in Sources */ = {isa = PBXBuildFile; fileRef = 30C2ECCF2D18AE150058DA88 /* HomeView.swift */; };
		30C2ECD32D18AF3C0058DA88 /* RootView.swift in Sources */ = {isa = PBXBuildFile; fileRef = 30C2ECD22D18AF3C0058DA88 /* RootView.swift */; };
		30C2ECD62D18AF980058DA88 /* OnFirstAppearViewModifier.swift in Sources */ = {isa = PBXBuildFile; fileRef = 30C2ECD52D18AF980058DA88 /* OnFirstAppearViewModifier.swift */; };
		30C2ECD82D18AFC40058DA88 /* AnyNotificationListenerViewModifier.swift in Sources */ = {isa = PBXBuildFile; fileRef = 30C2ECD72D18AFC40058DA88 /* AnyNotificationListenerViewModifier.swift */; };
		30C2ECDA2D18B0F60058DA88 /* HomePresenter.swift in Sources */ = {isa = PBXBuildFile; fileRef = 30C2ECD92D18B0F60058DA88 /* HomePresenter.swift */; };
		30C2ECDC2D18B1350058DA88 /* HomeInteractor.swift in Sources */ = {isa = PBXBuildFile; fileRef = 30C2ECDB2D18B1350058DA88 /* HomeInteractor.swift */; };
		30C2ECDF2D18B2460058DA88 /* View+EXT.swift in Sources */ = {isa = PBXBuildFile; fileRef = 30C2ECDE2D18B2460058DA88 /* View+EXT.swift */; };
/* End PBXBuildFile section */

/* Begin PBXFileReference section */
		30AF4FA02D16D68600DB54AF /* TMDB VIPER.app */ = {isa = PBXFileReference; explicitFileType = wrapper.application; includeInIndex = 0; path = "TMDB VIPER.app"; sourceTree = BUILT_PRODUCTS_DIR; };
		30C2EAB62D18A2C50058DA88 /* Movie.swift */ = {isa = PBXFileReference; lastKnownFileType = sourcecode.swift; path = Movie.swift; sourceTree = "<group>"; };
		30C2EAB72D18A2C50058DA88 /* MovieList.swift */ = {isa = PBXFileReference; lastKnownFileType = sourcecode.swift; path = MovieList.swift; sourceTree = "<group>"; };
		30C2EAB82D18A2C50058DA88 /* PostMovieToFavoritesRequest.swift */ = {isa = PBXFileReference; lastKnownFileType = sourcecode.swift; path = PostMovieToFavoritesRequest.swift; sourceTree = "<group>"; };
		30C2EAB92D18A2C50058DA88 /* PostMovieToFavoritesResponse.swift */ = {isa = PBXFileReference; lastKnownFileType = sourcecode.swift; path = PostMovieToFavoritesResponse.swift; sourceTree = "<group>"; };
		30C2EABA2D18A2C50058DA88 /* SingleMovie.swift */ = {isa = PBXFileReference; lastKnownFileType = sourcecode.swift; path = SingleMovie.swift; sourceTree = "<group>"; };
		30C2EABC2D18A2C50058DA88 /* Preview Assets.xcassets */ = {isa = PBXFileReference; lastKnownFileType = folder.assetcatalog; path = "Preview Assets.xcassets"; sourceTree = "<group>"; };
		30C2EABE2D18A2C50058DA88 /* CoreInteractor.swift */ = {isa = PBXFileReference; lastKnownFileType = sourcecode.swift; path = CoreInteractor.swift; sourceTree = "<group>"; };
		30C2EABF2D18A2C50058DA88 /* DependancyContainer.swift */ = {isa = PBXFileReference; lastKnownFileType = sourcecode.swift; path = DependancyContainer.swift; sourceTree = "<group>"; };
		30C2EAC02D18A2C50058DA88 /* Dependencies.swift */ = {isa = PBXFileReference; lastKnownFileType = sourcecode.swift; path = Dependencies.swift; sourceTree = "<group>"; };
		30C2EAC22D18A2C50058DA88 /* MovieService.swift */ = {isa = PBXFileReference; lastKnownFileType = sourcecode.swift; path = MovieService.swift; sourceTree = "<group>"; };
		30C2EAC32D18A2C50058DA88 /* MovieServiceMock.swift */ = {isa = PBXFileReference; lastKnownFileType = sourcecode.swift; path = MovieServiceMock.swift; sourceTree = "<group>"; };
		30C2EAC42D18A2C50058DA88 /* MovieServiceProd.swift */ = {isa = PBXFileReference; lastKnownFileType = sourcecode.swift; path = MovieServiceProd.swift; sourceTree = "<group>"; };
		30C2EAC62D18A2C50058DA88 /* Example 1.swift */ = {isa = PBXFileReference; lastKnownFileType = sourcecode.swift; path = "Example 1.swift"; sourceTree = "<group>"; };
		30C2EAC72D18A2C50058DA88 /* Example 2.swift */ = {isa = PBXFileReference; lastKnownFileType = sourcecode.swift; path = "Example 2.swift"; sourceTree = "<group>"; };
		30C2EAC82D18A2C50058DA88 /* Example 3.swift */ = {isa = PBXFileReference; lastKnownFileType = sourcecode.swift; path = "Example 3.swift"; sourceTree = "<group>"; };
		30C2EACA2D18A2C50058DA88 /* NetworkError.swift */ = {isa = PBXFileReference; lastKnownFileType = sourcecode.swift; path = NetworkError.swift; sourceTree = "<group>"; };
		30C2EACB2D18A2C50058DA88 /* NetworkService.swift */ = {isa = PBXFileReference; lastKnownFileType = sourcecode.swift; path = NetworkService.swift; sourceTree = "<group>"; };
		30C2EACD2D18A2C50058DA88 /* DataEncoder.swift */ = {isa = PBXFileReference; lastKnownFileType = sourcecode.swift; path = DataEncoder.swift; sourceTree = "<group>"; };
		30C2EACE2D18A2C50058DA88 /* DataParserProtocol.swift */ = {isa = PBXFileReference; lastKnownFileType = sourcecode.swift; path = DataParserProtocol.swift; sourceTree = "<group>"; };
		30C2EAD02D18A2C50058DA88 /* HTTPMethod.swift */ = {isa = PBXFileReference; lastKnownFileType = sourcecode.swift; path = HTTPMethod.swift; sourceTree = "<group>"; };
		30C2EAD12D18A2C50058DA88 /* URLComponentsProtocol.swift */ = {isa = PBXFileReference; lastKnownFileType = sourcecode.swift; path = URLComponentsProtocol.swift; sourceTree = "<group>"; };
		30C2EAD32D18A2C50058DA88 /* URLSessionProtocol.swift */ = {isa = PBXFileReference; lastKnownFileType = sourcecode.swift; path = URLSessionProtocol.swift; sourceTree = "<group>"; };
		30C2EAD62D18A2C50058DA88 /* MovieManager.swift */ = {isa = PBXFileReference; lastKnownFileType = sourcecode.swift; path = MovieManager.swift; sourceTree = "<group>"; };
		30C2EAD72D18A2C50058DA88 /* NetworkManager.swift */ = {isa = PBXFileReference; lastKnownFileType = sourcecode.swift; path = NetworkManager.swift; sourceTree = "<group>"; };
		30C2EAD92D18A2C50058DA88 /* Assets.xcassets */ = {isa = PBXFileReference; lastKnownFileType = folder.assetcatalog; path = Assets.xcassets; sourceTree = "<group>"; };
		30C2EADB2D18A2C50058DA88 /* TMDB_VIPERApp.swift */ = {isa = PBXFileReference; lastKnownFileType = sourcecode.swift; path = TMDB_VIPERApp.swift; sourceTree = "<group>"; };
		30C2ECCC2D18AD910058DA88 /* CoreBuilder.swift */ = {isa = PBXFileReference; lastKnownFileType = sourcecode.swift; path = CoreBuilder.swift; sourceTree = "<group>"; };
		30C2ECCF2D18AE150058DA88 /* HomeView.swift */ = {isa = PBXFileReference; lastKnownFileType = sourcecode.swift; path = HomeView.swift; sourceTree = "<group>"; };
		30C2ECD22D18AF3C0058DA88 /* RootView.swift */ = {isa = PBXFileReference; lastKnownFileType = sourcecode.swift; path = RootView.swift; sourceTree = "<group>"; };
		30C2ECD52D18AF980058DA88 /* OnFirstAppearViewModifier.swift */ = {isa = PBXFileReference; lastKnownFileType = sourcecode.swift; path = OnFirstAppearViewModifier.swift; sourceTree = "<group>"; };
		30C2ECD72D18AFC40058DA88 /* AnyNotificationListenerViewModifier.swift */ = {isa = PBXFileReference; lastKnownFileType = sourcecode.swift; path = AnyNotificationListenerViewModifier.swift; sourceTree = "<group>"; };
		30C2ECD92D18B0F60058DA88 /* HomePresenter.swift */ = {isa = PBXFileReference; lastKnownFileType = sourcecode.swift; path = HomePresenter.swift; sourceTree = "<group>"; };
		30C2ECDB2D18B1350058DA88 /* HomeInteractor.swift */ = {isa = PBXFileReference; lastKnownFileType = sourcecode.swift; path = HomeInteractor.swift; sourceTree = "<group>"; };
		30C2ECDE2D18B2460058DA88 /* View+EXT.swift */ = {isa = PBXFileReference; lastKnownFileType = sourcecode.swift; path = "View+EXT.swift"; sourceTree = "<group>"; };
/* End PBXFileReference section */

/* Begin PBXFrameworksBuildPhase section */
		30AF4F9D2D16D68600DB54AF /* Frameworks */ = {
			isa = PBXFrameworksBuildPhase;
			buildActionMask = 2147483647;
			files = (
			);
			runOnlyForDeploymentPostprocessing = 0;
		};
/* End PBXFrameworksBuildPhase section */

/* Begin PBXGroup section */
		30AF4F972D16D68600DB54AF = {
			isa = PBXGroup;
			children = (
				30C2EADB2D18A2C50058DA88 /* TMDB_VIPERApp.swift */,
				30C2EADC2D18A2C50058DA88 /* TMDB VIPER */,
				30AF4FA12D16D68600DB54AF /* Products */,
			);
			sourceTree = "<group>";
		};
		30AF4FA12D16D68600DB54AF /* Products */ = {
			isa = PBXGroup;
			children = (
				30AF4FA02D16D68600DB54AF /* TMDB VIPER.app */,
			);
			name = Products;
			sourceTree = "<group>";
		};
		30C2EABB2D18A2C50058DA88 /* Models */ = {
			isa = PBXGroup;
			children = (
				30C2EAB62D18A2C50058DA88 /* Movie.swift */,
				30C2EAB72D18A2C50058DA88 /* MovieList.swift */,
				30C2EAB82D18A2C50058DA88 /* PostMovieToFavoritesRequest.swift */,
				30C2EAB92D18A2C50058DA88 /* PostMovieToFavoritesResponse.swift */,
				30C2EABA2D18A2C50058DA88 /* SingleMovie.swift */,
			);
			path = Models;
			sourceTree = "<group>";
		};
		30C2EABD2D18A2C50058DA88 /* Preview Content */ = {
			isa = PBXGroup;
			children = (
				30C2EABC2D18A2C50058DA88 /* Preview Assets.xcassets */,
			);
			path = "Preview Content";
			sourceTree = "<group>";
		};
		30C2EAC12D18A2C50058DA88 /* Root */ = {
			isa = PBXGroup;
			children = (
				30C2ECCC2D18AD910058DA88 /* CoreBuilder.swift */,
				30C2EABE2D18A2C50058DA88 /* CoreInteractor.swift */,
				30C2EAC02D18A2C50058DA88 /* Dependencies.swift */,
				30C2EABF2D18A2C50058DA88 /* DependancyContainer.swift */,
			);
			path = Root;
			sourceTree = "<group>";
		};
		30C2EAC52D18A2C50058DA88 /* Movies */ = {
			isa = PBXGroup;
			children = (
				30C2EAC22D18A2C50058DA88 /* MovieService.swift */,
				30C2EAC32D18A2C50058DA88 /* MovieServiceMock.swift */,
				30C2EAC42D18A2C50058DA88 /* MovieServiceProd.swift */,
			);
			path = Movies;
			sourceTree = "<group>";
		};
		30C2EAC92D18A2C50058DA88 /* Individual HTTP Requests */ = {
			isa = PBXGroup;
			children = (
				30C2EAC62D18A2C50058DA88 /* Example 1.swift */,
				30C2EAC72D18A2C50058DA88 /* Example 2.swift */,
				30C2EAC82D18A2C50058DA88 /* Example 3.swift */,
			);
			path = "Individual HTTP Requests";
			sourceTree = "<group>";
		};
		30C2EACC2D18A2C50058DA88 /* NetworkService */ = {
			isa = PBXGroup;
			children = (
				30C2EACA2D18A2C50058DA88 /* NetworkError.swift */,
				30C2EACB2D18A2C50058DA88 /* NetworkService.swift */,
			);
			path = NetworkService;
			sourceTree = "<group>";
		};
		30C2EACF2D18A2C50058DA88 /* Parsing Helpers */ = {
			isa = PBXGroup;
			children = (
				30C2EACD2D18A2C50058DA88 /* DataEncoder.swift */,
				30C2EACE2D18A2C50058DA88 /* DataParserProtocol.swift */,
			);
			path = "Parsing Helpers";
			sourceTree = "<group>";
		};
		30C2EAD22D18A2C50058DA88 /* URLComponentsService */ = {
			isa = PBXGroup;
			children = (
				30C2EAD02D18A2C50058DA88 /* HTTPMethod.swift */,
				30C2EAD12D18A2C50058DA88 /* URLComponentsProtocol.swift */,
			);
			path = URLComponentsService;
			sourceTree = "<group>";
		};
		30C2EAD42D18A2C50058DA88 /* URLSessionService */ = {
			isa = PBXGroup;
			children = (
				30C2EAD32D18A2C50058DA88 /* URLSessionProtocol.swift */,
			);
			path = URLSessionService;
			sourceTree = "<group>";
		};
		30C2EAD52D18A2C50058DA88 /* Network */ = {
			isa = PBXGroup;
			children = (
				30C2EAC92D18A2C50058DA88 /* Individual HTTP Requests */,
				30C2EACC2D18A2C50058DA88 /* NetworkService */,
				30C2EACF2D18A2C50058DA88 /* Parsing Helpers */,
				30C2EAD22D18A2C50058DA88 /* URLComponentsService */,
				30C2EAD42D18A2C50058DA88 /* URLSessionService */,
			);
			path = Network;
			sourceTree = "<group>";
		};
		30C2EAD82D18A2C50058DA88 /* Services */ = {
			isa = PBXGroup;
			children = (
				30C2EAC52D18A2C50058DA88 /* Movies */,
				30C2EAD52D18A2C50058DA88 /* Network */,
				30C2EAD62D18A2C50058DA88 /* MovieManager.swift */,
				30C2EAD72D18A2C50058DA88 /* NetworkManager.swift */,
			);
			path = Services;
			sourceTree = "<group>";
		};
		30C2EADC2D18A2C50058DA88 /* TMDB VIPER */ = {
			isa = PBXGroup;
			children = (
				30C2ECDD2D18B23D0058DA88 /* Extensions */,
				30C2ECD42D18AF860058DA88 /* ViewModifiers */,
				30C2ECD12D18AF2C0058DA88 /* RootView */,
				30C2ECCE2D18AE010058DA88 /* HomeView */,
				30C2EABB2D18A2C50058DA88 /* Models */,
				30C2EAC12D18A2C50058DA88 /* Root */,
				30C2EAD82D18A2C50058DA88 /* Services */,
				30C2EABD2D18A2C50058DA88 /* Preview Content */,
				30C2EAD92D18A2C50058DA88 /* Assets.xcassets */,
			);
			path = "TMDB VIPER";
			sourceTree = SOURCE_ROOT;
		};
		30C2ECCE2D18AE010058DA88 /* HomeView */ = {
			isa = PBXGroup;
			children = (
				30C2ECCF2D18AE150058DA88 /* HomeView.swift */,
				30C2ECD92D18B0F60058DA88 /* HomePresenter.swift */,
				30C2ECDB2D18B1350058DA88 /* HomeInteractor.swift */,
			);
			path = HomeView;
			sourceTree = "<group>";
		};
		30C2ECD12D18AF2C0058DA88 /* RootView */ = {
			isa = PBXGroup;
			children = (
				30C2ECD22D18AF3C0058DA88 /* RootView.swift */,
			);
			path = RootView;
			sourceTree = "<group>";
		};
		30C2ECD42D18AF860058DA88 /* ViewModifiers */ = {
			isa = PBXGroup;
			children = (
				30C2ECD72D18AFC40058DA88 /* AnyNotificationListenerViewModifier.swift */,
				30C2ECD52D18AF980058DA88 /* OnFirstAppearViewModifier.swift */,
			);
			path = ViewModifiers;
			sourceTree = "<group>";
		};
		30C2ECDD2D18B23D0058DA88 /* Extensions */ = {
			isa = PBXGroup;
			children = (
				30C2ECDE2D18B2460058DA88 /* View+EXT.swift */,
			);
			path = Extensions;
			sourceTree = "<group>";
		};
/* End PBXGroup section */

/* Begin PBXNativeTarget section */
		30AF4F9F2D16D68600DB54AF /* TMDB VIPER */ = {
			isa = PBXNativeTarget;
			buildConfigurationList = 30AF4FAE2D16D68700DB54AF /* Build configuration list for PBXNativeTarget "TMDB VIPER" */;
			buildPhases = (
				30AF4F9C2D16D68600DB54AF /* Sources */,
				30AF4F9D2D16D68600DB54AF /* Frameworks */,
				30AF4F9E2D16D68600DB54AF /* Resources */,
			);
			buildRules = (
			);
			dependencies = (
			);
			name = "TMDB VIPER";
			packageProductDependencies = (
			);
			productName = "TMDB MVVM";
			productReference = 30AF4FA02D16D68600DB54AF /* TMDB VIPER.app */;
			productType = "com.apple.product-type.application";
		};
/* End PBXNativeTarget section */

/* Begin PBXProject section */
		30AF4F982D16D68600DB54AF /* Project object */ = {
			isa = PBXProject;
			attributes = {
				BuildIndependentTargetsInParallel = 1;
				LastSwiftUpdateCheck = 1620;
				LastUpgradeCheck = 1620;
				TargetAttributes = {
					30AF4F9F2D16D68600DB54AF = {
						CreatedOnToolsVersion = 16.2;
					};
				};
			};
			buildConfigurationList = 30AF4F9B2D16D68600DB54AF /* Build configuration list for PBXProject "TMDB VIPER" */;
			developmentRegion = en;
			hasScannedForEncodings = 0;
			knownRegions = (
				en,
				Base,
			);
			mainGroup = 30AF4F972D16D68600DB54AF;
			minimizedProjectReferenceProxies = 1;
			preferredProjectObjectVersion = 77;
			productRefGroup = 30AF4FA12D16D68600DB54AF /* Products */;
			projectDirPath = "";
			projectRoot = "";
			targets = (
				30AF4F9F2D16D68600DB54AF /* TMDB VIPER */,
			);
		};
/* End PBXProject section */

/* Begin PBXResourcesBuildPhase section */
		30AF4F9E2D16D68600DB54AF /* Resources */ = {
			isa = PBXResourcesBuildPhase;
			buildActionMask = 2147483647;
			files = (
				30C2EADD2D18A2C50058DA88 /* Preview Assets.xcassets in Resources */,
				30C2EADE2D18A2C50058DA88 /* Assets.xcassets in Resources */,
			);
			runOnlyForDeploymentPostprocessing = 0;
		};
/* End PBXResourcesBuildPhase section */

/* Begin PBXSourcesBuildPhase section */
		30AF4F9C2D16D68600DB54AF /* Sources */ = {
			isa = PBXSourcesBuildPhase;
			buildActionMask = 2147483647;
			files = (
				30C2EADF2D18A2C50058DA88 /* MovieService.swift in Sources */,
				30C2EAE02D18A2C50058DA88 /* NetworkManager.swift in Sources */,
				30C2EAE12D18A2C50058DA88 /* SingleMovie.swift in Sources */,
				30C2ECDA2D18B0F60058DA88 /* HomePresenter.swift in Sources */,
				30C2EAE22D18A2C50058DA88 /* DataParserProtocol.swift in Sources */,
				30C2ECDF2D18B2460058DA88 /* View+EXT.swift in Sources */,
				30C2EAE32D18A2C50058DA88 /* Movie.swift in Sources */,
				30C2EAE42D18A2C50058DA88 /* URLSessionProtocol.swift in Sources */,
				30C2ECD82D18AFC40058DA88 /* AnyNotificationListenerViewModifier.swift in Sources */,
				30C2EAE52D18A2C50058DA88 /* PostMovieToFavoritesRequest.swift in Sources */,
				30C2EAE62D18A2C50058DA88 /* Example 2.swift in Sources */,
				30C2ECDC2D18B1350058DA88 /* HomeInteractor.swift in Sources */,
				30C2EAE82D18A2C50058DA88 /* DataEncoder.swift in Sources */,
				30C2EAE92D18A2C50058DA88 /* MovieList.swift in Sources */,
				30C2EAEA2D18A2C50058DA88 /* TMDB_VIPERApp.swift in Sources */,
				30C2ECCD2D18AD910058DA88 /* CoreBuilder.swift in Sources */,
				30C2EAEB2D18A2C50058DA88 /* MovieServiceMock.swift in Sources */,
				30C2EAEC2D18A2C50058DA88 /* NetworkError.swift in Sources */,
				30C2ECD32D18AF3C0058DA88 /* RootView.swift in Sources */,
				30C2EAED2D18A2C50058DA88 /* HTTPMethod.swift in Sources */,
				30C2ECD02D18AE150058DA88 /* HomeView.swift in Sources */,
				30C2EAEE2D18A2C50058DA88 /* URLComponentsProtocol.swift in Sources */,
				30C2EAEF2D18A2C50058DA88 /* PostMovieToFavoritesResponse.swift in Sources */,
				30C2EAF02D18A2C50058DA88 /* Dependencies.swift in Sources */,
				30C2EAF12D18A2C50058DA88 /* CoreInteractor.swift in Sources */,
				30C2EAF22D18A2C50058DA88 /* MovieManager.swift in Sources */,
				30C2ECD62D18AF980058DA88 /* OnFirstAppearViewModifier.swift in Sources */,
				30C2EAF32D18A2C50058DA88 /* MovieServiceProd.swift in Sources */,
				30C2EAF42D18A2C50058DA88 /* NetworkService.swift in Sources */,
				30C2EAF52D18A2C50058DA88 /* DependancyContainer.swift in Sources */,
				30C2EAF62D18A2C50058DA88 /* Example 3.swift in Sources */,
				30C2EAF72D18A2C50058DA88 /* Example 1.swift in Sources */,
			);
			runOnlyForDeploymentPostprocessing = 0;
		};
/* End PBXSourcesBuildPhase section */

/* Begin XCBuildConfiguration section */
		30AF4FAC2D16D68700DB54AF /* Debug */ = {
			isa = XCBuildConfiguration;
			buildSettings = {
				ALWAYS_SEARCH_USER_PATHS = NO;
				ASSETCATALOG_COMPILER_GENERATE_SWIFT_ASSET_SYMBOL_EXTENSIONS = YES;
				CLANG_ANALYZER_NONNULL = YES;
				CLANG_ANALYZER_NUMBER_OBJECT_CONVERSION = YES_AGGRESSIVE;
				CLANG_CXX_LANGUAGE_STANDARD = "gnu++20";
				CLANG_ENABLE_MODULES = YES;
				CLANG_ENABLE_OBJC_ARC = YES;
				CLANG_ENABLE_OBJC_WEAK = YES;
				CLANG_WARN_BLOCK_CAPTURE_AUTORELEASING = YES;
				CLANG_WARN_BOOL_CONVERSION = YES;
				CLANG_WARN_COMMA = YES;
				CLANG_WARN_CONSTANT_CONVERSION = YES;
				CLANG_WARN_DEPRECATED_OBJC_IMPLEMENTATIONS = YES;
				CLANG_WARN_DIRECT_OBJC_ISA_USAGE = YES_ERROR;
				CLANG_WARN_DOCUMENTATION_COMMENTS = YES;
				CLANG_WARN_EMPTY_BODY = YES;
				CLANG_WARN_ENUM_CONVERSION = YES;
				CLANG_WARN_INFINITE_RECURSION = YES;
				CLANG_WARN_INT_CONVERSION = YES;
				CLANG_WARN_NON_LITERAL_NULL_CONVERSION = YES;
				CLANG_WARN_OBJC_IMPLICIT_RETAIN_SELF = YES;
				CLANG_WARN_OBJC_LITERAL_CONVERSION = YES;
				CLANG_WARN_OBJC_ROOT_CLASS = YES_ERROR;
				CLANG_WARN_QUOTED_INCLUDE_IN_FRAMEWORK_HEADER = YES;
				CLANG_WARN_RANGE_LOOP_ANALYSIS = YES;
				CLANG_WARN_STRICT_PROTOTYPES = YES;
				CLANG_WARN_SUSPICIOUS_MOVE = YES;
				CLANG_WARN_UNGUARDED_AVAILABILITY = YES_AGGRESSIVE;
				CLANG_WARN_UNREACHABLE_CODE = YES;
				CLANG_WARN__DUPLICATE_METHOD_MATCH = YES;
				COPY_PHASE_STRIP = NO;
				DEBUG_INFORMATION_FORMAT = dwarf;
				ENABLE_STRICT_OBJC_MSGSEND = YES;
				ENABLE_TESTABILITY = YES;
				ENABLE_USER_SCRIPT_SANDBOXING = YES;
				GCC_C_LANGUAGE_STANDARD = gnu17;
				GCC_DYNAMIC_NO_PIC = NO;
				GCC_NO_COMMON_BLOCKS = YES;
				GCC_OPTIMIZATION_LEVEL = 0;
				GCC_PREPROCESSOR_DEFINITIONS = (
					"DEBUG=1",
					"$(inherited)",
				);
				GCC_WARN_64_TO_32_BIT_CONVERSION = YES;
				GCC_WARN_ABOUT_RETURN_TYPE = YES_ERROR;
				GCC_WARN_UNDECLARED_SELECTOR = YES;
				GCC_WARN_UNINITIALIZED_AUTOS = YES_AGGRESSIVE;
				GCC_WARN_UNUSED_FUNCTION = YES;
				GCC_WARN_UNUSED_VARIABLE = YES;
				IPHONEOS_DEPLOYMENT_TARGET = 18.2;
				LOCALIZATION_PREFERS_STRING_CATALOGS = YES;
				MTL_ENABLE_DEBUG_INFO = INCLUDE_SOURCE;
				MTL_FAST_MATH = YES;
				ONLY_ACTIVE_ARCH = YES;
				SDKROOT = iphoneos;
				SWIFT_ACTIVE_COMPILATION_CONDITIONS = "DEBUG $(inherited)";
				SWIFT_OPTIMIZATION_LEVEL = "-Onone";
			};
			name = Debug;
		};
		30AF4FAD2D16D68700DB54AF /* Release */ = {
			isa = XCBuildConfiguration;
			buildSettings = {
				ALWAYS_SEARCH_USER_PATHS = NO;
				ASSETCATALOG_COMPILER_GENERATE_SWIFT_ASSET_SYMBOL_EXTENSIONS = YES;
				CLANG_ANALYZER_NONNULL = YES;
				CLANG_ANALYZER_NUMBER_OBJECT_CONVERSION = YES_AGGRESSIVE;
				CLANG_CXX_LANGUAGE_STANDARD = "gnu++20";
				CLANG_ENABLE_MODULES = YES;
				CLANG_ENABLE_OBJC_ARC = YES;
				CLANG_ENABLE_OBJC_WEAK = YES;
				CLANG_WARN_BLOCK_CAPTURE_AUTORELEASING = YES;
				CLANG_WARN_BOOL_CONVERSION = YES;
				CLANG_WARN_COMMA = YES;
				CLANG_WARN_CONSTANT_CONVERSION = YES;
				CLANG_WARN_DEPRECATED_OBJC_IMPLEMENTATIONS = YES;
				CLANG_WARN_DIRECT_OBJC_ISA_USAGE = YES_ERROR;
				CLANG_WARN_DOCUMENTATION_COMMENTS = YES;
				CLANG_WARN_EMPTY_BODY = YES;
				CLANG_WARN_ENUM_CONVERSION = YES;
				CLANG_WARN_INFINITE_RECURSION = YES;
				CLANG_WARN_INT_CONVERSION = YES;
				CLANG_WARN_NON_LITERAL_NULL_CONVERSION = YES;
				CLANG_WARN_OBJC_IMPLICIT_RETAIN_SELF = YES;
				CLANG_WARN_OBJC_LITERAL_CONVERSION = YES;
				CLANG_WARN_OBJC_ROOT_CLASS = YES_ERROR;
				CLANG_WARN_QUOTED_INCLUDE_IN_FRAMEWORK_HEADER = YES;
				CLANG_WARN_RANGE_LOOP_ANALYSIS = YES;
				CLANG_WARN_STRICT_PROTOTYPES = YES;
				CLANG_WARN_SUSPICIOUS_MOVE = YES;
				CLANG_WARN_UNGUARDED_AVAILABILITY = YES_AGGRESSIVE;
				CLANG_WARN_UNREACHABLE_CODE = YES;
				CLANG_WARN__DUPLICATE_METHOD_MATCH = YES;
				COPY_PHASE_STRIP = NO;
				DEBUG_INFORMATION_FORMAT = "dwarf-with-dsym";
				ENABLE_NS_ASSERTIONS = NO;
				ENABLE_STRICT_OBJC_MSGSEND = YES;
				ENABLE_USER_SCRIPT_SANDBOXING = YES;
				GCC_C_LANGUAGE_STANDARD = gnu17;
				GCC_NO_COMMON_BLOCKS = YES;
				GCC_WARN_64_TO_32_BIT_CONVERSION = YES;
				GCC_WARN_ABOUT_RETURN_TYPE = YES_ERROR;
				GCC_WARN_UNDECLARED_SELECTOR = YES;
				GCC_WARN_UNINITIALIZED_AUTOS = YES_AGGRESSIVE;
				GCC_WARN_UNUSED_FUNCTION = YES;
				GCC_WARN_UNUSED_VARIABLE = YES;
				IPHONEOS_DEPLOYMENT_TARGET = 18.2;
				LOCALIZATION_PREFERS_STRING_CATALOGS = YES;
				MTL_ENABLE_DEBUG_INFO = NO;
				MTL_FAST_MATH = YES;
				SDKROOT = iphoneos;
				SWIFT_COMPILATION_MODE = wholemodule;
				VALIDATE_PRODUCT = YES;
			};
			name = Release;
		};
		30AF4FAF2D16D68700DB54AF /* Debug */ = {
			isa = XCBuildConfiguration;
			buildSettings = {
				ASSETCATALOG_COMPILER_APPICON_NAME = AppIcon;
				ASSETCATALOG_COMPILER_GLOBAL_ACCENT_COLOR_NAME = AccentColor;
				CODE_SIGN_STYLE = Automatic;
				CURRENT_PROJECT_VERSION = 1;
				DEVELOPMENT_ASSET_PATHS = "";
				DEVELOPMENT_TEAM = FQWAP959Y3;
				ENABLE_PREVIEWS = YES;
				GENERATE_INFOPLIST_FILE = YES;
				INFOPLIST_KEY_UIApplicationSceneManifest_Generation = YES;
				INFOPLIST_KEY_UIApplicationSupportsIndirectInputEvents = YES;
				INFOPLIST_KEY_UILaunchScreen_Generation = YES;
				INFOPLIST_KEY_UISupportedInterfaceOrientations_iPad = "UIInterfaceOrientationPortrait UIInterfaceOrientationPortraitUpsideDown UIInterfaceOrientationLandscapeLeft UIInterfaceOrientationLandscapeRight";
				INFOPLIST_KEY_UISupportedInterfaceOrientations_iPhone = "UIInterfaceOrientationPortrait UIInterfaceOrientationLandscapeLeft UIInterfaceOrientationLandscapeRight";
				LD_RUNPATH_SEARCH_PATHS = (
					"$(inherited)",
					"@executable_path/Frameworks",
				);
				MARKETING_VERSION = 1.0;
				PRODUCT_BUNDLE_IDENTIFIER = "onflyer.com.TMDB-VIPER";
				PRODUCT_NAME = "$(TARGET_NAME)";
				SWIFT_EMIT_LOC_STRINGS = YES;
				SWIFT_VERSION = 5.0;
				TARGETED_DEVICE_FAMILY = "1,2";
			};
			name = Debug;
		};
		30AF4FB02D16D68700DB54AF /* Release */ = {
			isa = XCBuildConfiguration;
			buildSettings = {
				ASSETCATALOG_COMPILER_APPICON_NAME = AppIcon;
				ASSETCATALOG_COMPILER_GLOBAL_ACCENT_COLOR_NAME = AccentColor;
				CODE_SIGN_STYLE = Automatic;
				CURRENT_PROJECT_VERSION = 1;
				DEVELOPMENT_ASSET_PATHS = "";
				DEVELOPMENT_TEAM = FQWAP959Y3;
				ENABLE_PREVIEWS = YES;
				GENERATE_INFOPLIST_FILE = YES;
				INFOPLIST_KEY_UIApplicationSceneManifest_Generation = YES;
				INFOPLIST_KEY_UIApplicationSupportsIndirectInputEvents = YES;
				INFOPLIST_KEY_UILaunchScreen_Generation = YES;
				INFOPLIST_KEY_UISupportedInterfaceOrientations_iPad = "UIInterfaceOrientationPortrait UIInterfaceOrientationPortraitUpsideDown UIInterfaceOrientationLandscapeLeft UIInterfaceOrientationLandscapeRight";
				INFOPLIST_KEY_UISupportedInterfaceOrientations_iPhone = "UIInterfaceOrientationPortrait UIInterfaceOrientationLandscapeLeft UIInterfaceOrientationLandscapeRight";
				LD_RUNPATH_SEARCH_PATHS = (
					"$(inherited)",
					"@executable_path/Frameworks",
				);
				MARKETING_VERSION = 1.0;
				PRODUCT_BUNDLE_IDENTIFIER = "onflyer.com.TMDB-VIPER";
				PRODUCT_NAME = "$(TARGET_NAME)";
				SWIFT_EMIT_LOC_STRINGS = YES;
				SWIFT_VERSION = 5.0;
				TARGETED_DEVICE_FAMILY = "1,2";
			};
			name = Release;
		};
/* End XCBuildConfiguration section */

/* Begin XCConfigurationList section */
		30AF4F9B2D16D68600DB54AF /* Build configuration list for PBXProject "TMDB VIPER" */ = {
			isa = XCConfigurationList;
			buildConfigurations = (
				30AF4FAC2D16D68700DB54AF /* Debug */,
				30AF4FAD2D16D68700DB54AF /* Release */,
			);
			defaultConfigurationIsVisible = 0;
			defaultConfigurationName = Release;
		};
		30AF4FAE2D16D68700DB54AF /* Build configuration list for PBXNativeTarget "TMDB VIPER" */ = {
			isa = XCConfigurationList;
			buildConfigurations = (
				30AF4FAF2D16D68700DB54AF /* Debug */,
				30AF4FB02D16D68700DB54AF /* Release */,
			);
			defaultConfigurationIsVisible = 0;
			defaultConfigurationName = Release;
		};
/* End XCConfigurationList section */
	};
	rootObject = 30AF4F982D16D68600DB54AF /* Project object */;
}
